// !$*UTF8*$!
{
	archiveVersion = 1;
	classes = {
	};
	objectVersion = 46;
	objects = {

/* Begin PBXBuildFile section */
		961A9BB51B306881007C4C6B /* WriteDataTests.swift in Sources */ = {isa = PBXBuildFile; fileRef = 961A9BB41B306881007C4C6B /* WriteDataTests.swift */; };
		962F9DA61D5D286B00205BEC /* UnzipKit.strings in Resources */ = {isa = PBXBuildFile; fileRef = 962F9DA41D5D286B00205BEC /* UnzipKit.strings */; };
		962F9DA81D5D288B00205BEC /* UnzipKitResources.bundle in Resources */ = {isa = PBXBuildFile; fileRef = 962F9D9E1D5D281E00205BEC /* UnzipKitResources.bundle */; };
		9630C0381C6D27A4000693EE /* ExtractDataTests_Swift.swift in Sources */ = {isa = PBXBuildFile; fileRef = 9630C0371C6D27A4000693EE /* ExtractDataTests_Swift.swift */; };
		9630C0391C6D27A4000693EE /* ExtractDataTests_Swift.swift in Sources */ = {isa = PBXBuildFile; fileRef = 9630C0371C6D27A4000693EE /* ExtractDataTests_Swift.swift */; };
		963386B91EE89A51006B16BF /* UtilityMethods.swift in Sources */ = {isa = PBXBuildFile; fileRef = 963386B71EE89A49006B16BF /* UtilityMethods.swift */; };
		963386BA1EE89A51006B16BF /* UtilityMethods.swift in Sources */ = {isa = PBXBuildFile; fileRef = 963386B71EE89A49006B16BF /* UtilityMethods.swift */; };
		963603531BFB815600BF0C4F /* UZKFileInfo_Private.h in Headers */ = {isa = PBXBuildFile; fileRef = 963603521BFB7F6500BF0C4F /* UZKFileInfo_Private.h */; settings = {ATTRIBUTES = (Private, ); }; };
		965CF00A1D241A8F00C80A88 /* NSURL+UnzipKitExtensions.h in Headers */ = {isa = PBXBuildFile; fileRef = 965CF0081D241A8F00C80A88 /* NSURL+UnzipKitExtensions.h */; };
		965CF00C1D241A8F00C80A88 /* NSURL+UnzipKitExtensions.m in Sources */ = {isa = PBXBuildFile; fileRef = 965CF0091D241A8F00C80A88 /* NSURL+UnzipKitExtensions.m */; };
		966A971C1A4A1F2A003597AA /* unzip.h in Headers */ = {isa = PBXBuildFile; fileRef = 96EA65C81A40C44300685B6D /* unzip.h */; settings = {ATTRIBUTES = (Private, ); }; };
		966A971D1A4A2348003597AA /* zip.h in Headers */ = {isa = PBXBuildFile; fileRef = 96EA65CA1A40C44300685B6D /* zip.h */; settings = {ATTRIBUTES = (Private, ); }; };
		966A971E1A4A234C003597AA /* mztools.h in Headers */ = {isa = PBXBuildFile; fileRef = 96EA65C61A40C44300685B6D /* mztools.h */; settings = {ATTRIBUTES = (Private, ); }; };
		966A971F1A4A2351003597AA /* ioapi.h in Headers */ = {isa = PBXBuildFile; fileRef = 96EA65C41A40C44300685B6D /* ioapi.h */; settings = {ATTRIBUTES = (Private, ); }; };
		966A97201A4A2354003597AA /* crypt.h in Headers */ = {isa = PBXBuildFile; fileRef = 96EA66031A435D8200685B6D /* crypt.h */; settings = {ATTRIBUTES = (Private, ); }; };
		9677858E1F1405F000A8D6B2 /* UnzipKitMacros.h in Headers */ = {isa = PBXBuildFile; fileRef = 9677858D1F1405DB00A8D6B2 /* UnzipKitMacros.h */; };
		9677858F1F1405FC00A8D6B2 /* UnzipKitMacros.h in Headers */ = {isa = PBXBuildFile; fileRef = 9677858D1F1405DB00A8D6B2 /* UnzipKitMacros.h */; };
		968C40C01B585FDE004C128E /* ModesTests.m in Sources */ = {isa = PBXBuildFile; fileRef = 968C40BF1B585FDE004C128E /* ModesTests.m */; };
		968C40C21B586132004C128E /* ZipFileDetectionTests.m in Sources */ = {isa = PBXBuildFile; fileRef = 968C40C11B586132004C128E /* ZipFileDetectionTests.m */; };
		968C40C41B58619C004C128E /* ListFilenamesTests.m in Sources */ = {isa = PBXBuildFile; fileRef = 968C40C31B58619C004C128E /* ListFilenamesTests.m */; };
		968C40C61B5861C3004C128E /* ListFileInfoTests.m in Sources */ = {isa = PBXBuildFile; fileRef = 968C40C51B5861C3004C128E /* ListFileInfoTests.m */; };
		968C40C81B5861F4004C128E /* ExtractFilesTests.m in Sources */ = {isa = PBXBuildFile; fileRef = 968C40C71B5861F4004C128E /* ExtractFilesTests.m */; };
		968C40CA1B586227004C128E /* ExtractDataTests.m in Sources */ = {isa = PBXBuildFile; fileRef = 968C40C91B586227004C128E /* ExtractDataTests.m */; };
		968C40CC1B586253004C128E /* PerformOnFilesTests.m in Sources */ = {isa = PBXBuildFile; fileRef = 968C40CB1B586253004C128E /* PerformOnFilesTests.m */; };
		968C40CE1B586277004C128E /* PerformOnDataTests.m in Sources */ = {isa = PBXBuildFile; fileRef = 968C40CD1B586277004C128E /* PerformOnDataTests.m */; };
		968C40D01B5862A0004C128E /* ExtractBufferedDataTests.m in Sources */ = {isa = PBXBuildFile; fileRef = 968C40CF1B5862A0004C128E /* ExtractBufferedDataTests.m */; };
		968C40D21B586310004C128E /* PasswordProtectionTests.m in Sources */ = {isa = PBXBuildFile; fileRef = 968C40D11B586310004C128E /* PasswordProtectionTests.m */; };
		968C40D41B586345004C128E /* WriteBufferedDataTests.m in Sources */ = {isa = PBXBuildFile; fileRef = 968C40D31B586345004C128E /* WriteBufferedDataTests.m */; };
		968C40D61B586380004C128E /* DeleteFileTests.m in Sources */ = {isa = PBXBuildFile; fileRef = 968C40D51B586380004C128E /* DeleteFileTests.m */; };
		968C40D81B5863A9004C128E /* ErrorHandlingTests.m in Sources */ = {isa = PBXBuildFile; fileRef = 968C40D71B5863A9004C128E /* ErrorHandlingTests.m */; };
		968C40DA1B5863D9004C128E /* FileDescriptorUsageTests.m in Sources */ = {isa = PBXBuildFile; fileRef = 968C40D91B5863D9004C128E /* FileDescriptorUsageTests.m */; };
		968C40DC1B586401004C128E /* CommentsTests.m in Sources */ = {isa = PBXBuildFile; fileRef = 968C40DB1B586401004C128E /* CommentsTests.m */; };
		968C40DE1B58642C004C128E /* MultithreadingTests.m in Sources */ = {isa = PBXBuildFile; fileRef = 968C40DD1B58642C004C128E /* MultithreadingTests.m */; };
		968C40E01B586490004C128E /* PropertyTests.m in Sources */ = {isa = PBXBuildFile; fileRef = 968C40DF1B586490004C128E /* PropertyTests.m */; };
		969993971BE3BA9C003D18DA /* libz.tbd in Frameworks */ = {isa = PBXBuildFile; fileRef = 969993951BE3BA89003D18DA /* libz.tbd */; };
		969993981BE3BB0C003D18DA /* libz.tbd in Frameworks */ = {isa = PBXBuildFile; fileRef = 969993951BE3BA89003D18DA /* libz.tbd */; };
		96B10B2F1C5FF3AA003A692C /* ExtractFilesTests.m in Sources */ = {isa = PBXBuildFile; fileRef = 968C40C71B5861F4004C128E /* ExtractFilesTests.m */; };
		96B10B301C5FF453003A692C /* UZKArchiveTestCase.m in Sources */ = {isa = PBXBuildFile; fileRef = 96FCC8401B306CDD00726AC7 /* UZKArchiveTestCase.m */; };
		96B10B311C5FF771003A692C /* libz.tbd in Frameworks */ = {isa = PBXBuildFile; fileRef = 969993951BE3BA89003D18DA /* libz.tbd */; };
		96B10B321C5FF898003A692C /* Test Data in Resources */ = {isa = PBXBuildFile; fileRef = 96EA65BF1A40BF1A00685B6D /* Test Data */; };
		96B10B331C5FF8D5003A692C /* CommentsTests.m in Sources */ = {isa = PBXBuildFile; fileRef = 968C40DB1B586401004C128E /* CommentsTests.m */; };
		96B10B341C5FF8DE003A692C /* DeleteFileTests.m in Sources */ = {isa = PBXBuildFile; fileRef = 968C40D51B586380004C128E /* DeleteFileTests.m */; };
		96B10B351C5FF8E7003A692C /* ErrorHandlingTests.m in Sources */ = {isa = PBXBuildFile; fileRef = 968C40D71B5863A9004C128E /* ErrorHandlingTests.m */; };
		96B10B361C5FF8F4003A692C /* ExtractBufferedDataTests.m in Sources */ = {isa = PBXBuildFile; fileRef = 968C40CF1B5862A0004C128E /* ExtractBufferedDataTests.m */; };
		96DC15C11C5FFAA800B71F19 /* DTPerformanceSession.framework in Frameworks */ = {isa = PBXBuildFile; fileRef = 96DC15C01C5FFAA800B71F19 /* DTPerformanceSession.framework */; settings = {ATTRIBUTES = (Weak, ); }; };
		96DC15C31C5FFC7600B71F19 /* ListFilenamesTests.m in Sources */ = {isa = PBXBuildFile; fileRef = 968C40C31B58619C004C128E /* ListFilenamesTests.m */; };
		96DC15C41C5FFC8100B71F19 /* ListFileInfoTests.m in Sources */ = {isa = PBXBuildFile; fileRef = 968C40C51B5861C3004C128E /* ListFileInfoTests.m */; };
		96DC15C51C5FFC8A00B71F19 /* ModesTests.m in Sources */ = {isa = PBXBuildFile; fileRef = 968C40BF1B585FDE004C128E /* ModesTests.m */; };
		96DC15C71C5FFE8C00B71F19 /* PasswordProtectionTests.m in Sources */ = {isa = PBXBuildFile; fileRef = 968C40D11B586310004C128E /* PasswordProtectionTests.m */; };
		96DC15C81C5FFE9900B71F19 /* PerformOnDataTests.m in Sources */ = {isa = PBXBuildFile; fileRef = 968C40CD1B586277004C128E /* PerformOnDataTests.m */; };
		96DC15C91C5FFEE900B71F19 /* PerformOnFilesTests.m in Sources */ = {isa = PBXBuildFile; fileRef = 968C40CB1B586253004C128E /* PerformOnFilesTests.m */; };
		96DC15CA1C5FFEF300B71F19 /* PropertyTests.m in Sources */ = {isa = PBXBuildFile; fileRef = 968C40DF1B586490004C128E /* PropertyTests.m */; };
		96DC15CB1C5FFEFE00B71F19 /* WriteBufferedDataTests.m in Sources */ = {isa = PBXBuildFile; fileRef = 968C40D31B586345004C128E /* WriteBufferedDataTests.m */; };
		96DC15CC1C5FFF2300B71F19 /* WriteDataTests.swift in Sources */ = {isa = PBXBuildFile; fileRef = 961A9BB41B306881007C4C6B /* WriteDataTests.swift */; };
		96DC15CD1C60008400B71F19 /* ZipFileDetectionTests.m in Sources */ = {isa = PBXBuildFile; fileRef = 968C40C11B586132004C128E /* ZipFileDetectionTests.m */; };
		96EA65A41A40AEAE00685B6D /* UnzipKit.h in Headers */ = {isa = PBXBuildFile; fileRef = 96EA65A31A40AEAE00685B6D /* UnzipKit.h */; settings = {ATTRIBUTES = (Public, ); }; };
		96EA65AA1A40AEAE00685B6D /* UnzipKit.framework in Frameworks */ = {isa = PBXBuildFile; fileRef = 96EA659E1A40AEAE00685B6D /* UnzipKit.framework */; };
		96EA65BC1A40B2EC00685B6D /* UZKArchive.h in Headers */ = {isa = PBXBuildFile; fileRef = 96EA65BA1A40B2EC00685B6D /* UZKArchive.h */; settings = {ATTRIBUTES = (Public, ); }; };
		96EA65BD1A40B2EC00685B6D /* UZKArchive.m in Sources */ = {isa = PBXBuildFile; fileRef = 96EA65BB1A40B2EC00685B6D /* UZKArchive.m */; settings = {COMPILER_FLAGS = "-Wno-format-nonliteral"; }; };
		96EA65C01A40BF1A00685B6D /* Test Data in Resources */ = {isa = PBXBuildFile; fileRef = 96EA65BF1A40BF1A00685B6D /* Test Data */; };
		96EA65D81A40C44300685B6D /* ioapi.c in Sources */ = {isa = PBXBuildFile; fileRef = 96EA65C31A40C44300685B6D /* ioapi.c */; settings = {COMPILER_FLAGS = "-Wno-everything"; }; };
		96EA65DB1A40C44300685B6D /* mztools.c in Sources */ = {isa = PBXBuildFile; fileRef = 96EA65C51A40C44300685B6D /* mztools.c */; };
		96EA65DE1A40C44300685B6D /* unzip.c in Sources */ = {isa = PBXBuildFile; fileRef = 96EA65C71A40C44300685B6D /* unzip.c */; settings = {COMPILER_FLAGS = "-Xanalyzer -analyzer-disable-all-checks -Wno-everything"; }; };
		96EA65E11A40C44300685B6D /* zip.c in Sources */ = {isa = PBXBuildFile; fileRef = 96EA65C91A40C44300685B6D /* zip.c */; settings = {COMPILER_FLAGS = "-Xanalyzer -analyzer-disable-all-checks -Wno-everything"; }; };
		96EA66011A40E31900685B6D /* UZKFileInfo.h in Headers */ = {isa = PBXBuildFile; fileRef = 96EA65FF1A40E31900685B6D /* UZKFileInfo.h */; settings = {ATTRIBUTES = (Public, ); }; };
		96EA66021A40E31900685B6D /* UZKFileInfo.m in Sources */ = {isa = PBXBuildFile; fileRef = 96EA66001A40E31900685B6D /* UZKFileInfo.m */; };
		96FCC8411B306CDD00726AC7 /* UZKArchiveTestCase.m in Sources */ = {isa = PBXBuildFile; fileRef = 96FCC8401B306CDD00726AC7 /* UZKArchiveTestCase.m */; };
		96FFB3FD1E1EC35900CCA47B /* libz.tbd in Frameworks */ = {isa = PBXBuildFile; fileRef = 96FFB3FC1E1EC35900CCA47B /* libz.tbd */; };
		96FFB4001E1EC55600CCA47B /* UnzipKit.framework in Frameworks */ = {isa = PBXBuildFile; fileRef = 96FFB3F41E1EC31000CCA47B /* UnzipKit.framework */; };
		96FFB4011E1EC68E00CCA47B /* UnzipKit.h in Headers */ = {isa = PBXBuildFile; fileRef = 96EA65A31A40AEAE00685B6D /* UnzipKit.h */; settings = {ATTRIBUTES = (Public, ); }; };
		96FFB4021E1EC68E00CCA47B /* UZKArchive.h in Headers */ = {isa = PBXBuildFile; fileRef = 96EA65BA1A40B2EC00685B6D /* UZKArchive.h */; settings = {ATTRIBUTES = (Public, ); }; };
		96FFB4031E1EC68E00CCA47B /* UZKFileInfo.h in Headers */ = {isa = PBXBuildFile; fileRef = 96EA65FF1A40E31900685B6D /* UZKFileInfo.h */; settings = {ATTRIBUTES = (Public, ); }; };
		96FFB4041E1EC6A100CCA47B /* UZKArchive.m in Sources */ = {isa = PBXBuildFile; fileRef = 96EA65BB1A40B2EC00685B6D /* UZKArchive.m */; settings = {COMPILER_FLAGS = "-Wno-format-nonliteral"; }; };
		96FFB4051E1EC6A400CCA47B /* UZKFileInfo.m in Sources */ = {isa = PBXBuildFile; fileRef = 96EA66001A40E31900685B6D /* UZKFileInfo.m */; };
		96FFB4061E1EC6C800CCA47B /* ioapi.c in Sources */ = {isa = PBXBuildFile; fileRef = 96EA65C31A40C44300685B6D /* ioapi.c */; settings = {COMPILER_FLAGS = "-Wno-everything"; }; };
		96FFB4071E1EC6C800CCA47B /* mztools.c in Sources */ = {isa = PBXBuildFile; fileRef = 96EA65C51A40C44300685B6D /* mztools.c */; };
		96FFB4081E1EC6C800CCA47B /* unzip.c in Sources */ = {isa = PBXBuildFile; fileRef = 96EA65C71A40C44300685B6D /* unzip.c */; settings = {COMPILER_FLAGS = "-Xanalyzer -analyzer-disable-all-checks -Wno-everything"; }; };
		96FFB4091E1EC6C800CCA47B /* zip.c in Sources */ = {isa = PBXBuildFile; fileRef = 96EA65C91A40C44300685B6D /* zip.c */; settings = {COMPILER_FLAGS = "-Xanalyzer -analyzer-disable-all-checks -Wno-everything"; }; };
		96FFB40A1E1EC6FC00CCA47B /* NSURL+UnzipKitExtensions.m in Sources */ = {isa = PBXBuildFile; fileRef = 965CF0091D241A8F00C80A88 /* NSURL+UnzipKitExtensions.m */; };
		96FFB40B1E1EC70800CCA47B /* UZKFileInfo_Private.h in Headers */ = {isa = PBXBuildFile; fileRef = 963603521BFB7F6500BF0C4F /* UZKFileInfo_Private.h */; settings = {ATTRIBUTES = (Private, ); }; };
		96FFB40C1E1EC71800CCA47B /* crypt.h in Headers */ = {isa = PBXBuildFile; fileRef = 96EA66031A435D8200685B6D /* crypt.h */; settings = {ATTRIBUTES = (Private, ); }; };
		96FFB40D1E1EC71800CCA47B /* ioapi.h in Headers */ = {isa = PBXBuildFile; fileRef = 96EA65C41A40C44300685B6D /* ioapi.h */; settings = {ATTRIBUTES = (Private, ); }; };
		96FFB40E1E1EC71800CCA47B /* mztools.h in Headers */ = {isa = PBXBuildFile; fileRef = 96EA65C61A40C44300685B6D /* mztools.h */; settings = {ATTRIBUTES = (Private, ); }; };
		96FFB40F1E1EC71800CCA47B /* unzip.h in Headers */ = {isa = PBXBuildFile; fileRef = 96EA65C81A40C44300685B6D /* unzip.h */; settings = {ATTRIBUTES = (Private, ); }; };
		96FFB4101E1EC71800CCA47B /* zip.h in Headers */ = {isa = PBXBuildFile; fileRef = 96EA65CA1A40C44300685B6D /* zip.h */; settings = {ATTRIBUTES = (Private, ); }; };
		96FFB4111E1EC72F00CCA47B /* NSURL+UnzipKitExtensions.h in Headers */ = {isa = PBXBuildFile; fileRef = 965CF0081D241A8F00C80A88 /* NSURL+UnzipKitExtensions.h */; };
/* End PBXBuildFile section */

/* Begin PBXContainerItemProxy section */
		96EA65AB1A40AEAE00685B6D /* PBXContainerItemProxy */ = {
			isa = PBXContainerItemProxy;
			containerPortal = 96EA65951A40AEAE00685B6D /* Project object */;
			proxyType = 1;
			remoteGlobalIDString = 96EA659D1A40AEAE00685B6D;
			remoteInfo = UnzipKit;
		};
		96FFB3FE1E1EC54100CCA47B /* PBXContainerItemProxy */ = {
			isa = PBXContainerItemProxy;
			containerPortal = 96EA65951A40AEAE00685B6D /* Project object */;
			proxyType = 1;
			remoteGlobalIDString = 96FFB3F31E1EC31000CCA47B;
			remoteInfo = "UnzipKit-iOS";
		};
/* End PBXContainerItemProxy section */

/* Begin PBXFileReference section */
		961A9BB31B306880007C4C6B /* UnzipKitTests-Bridging-Header.h */ = {isa = PBXFileReference; lastKnownFileType = sourcecode.c.h; lineEnding = 0; path = "UnzipKitTests-Bridging-Header.h"; sourceTree = "<group>"; xcLanguageSpecificationIdentifier = xcode.lang.objcpp; };
		961A9BB41B306881007C4C6B /* WriteDataTests.swift */ = {isa = PBXFileReference; fileEncoding = 4; lastKnownFileType = sourcecode.swift; path = WriteDataTests.swift; sourceTree = "<group>"; };
		961A9BB61B306902007C4C6B /* UZKArchiveTestCase.h */ = {isa = PBXFileReference; lastKnownFileType = sourcecode.c.h; path = UZKArchiveTestCase.h; sourceTree = "<group>"; };
		962F9D9E1D5D281E00205BEC /* UnzipKitResources.bundle */ = {isa = PBXFileReference; explicitFileType = wrapper.cfbundle; includeInIndex = 0; path = UnzipKitResources.bundle; sourceTree = BUILT_PRODUCTS_DIR; };
		962F9DA01D5D281E00205BEC /* Info.plist */ = {isa = PBXFileReference; lastKnownFileType = text.plist.xml; path = Info.plist; sourceTree = "<group>"; };
		9630C0371C6D27A4000693EE /* ExtractDataTests_Swift.swift */ = {isa = PBXFileReference; fileEncoding = 4; lastKnownFileType = sourcecode.swift; path = ExtractDataTests_Swift.swift; sourceTree = "<group>"; };
		963386B71EE89A49006B16BF /* UtilityMethods.swift */ = {isa = PBXFileReference; fileEncoding = 4; lastKnownFileType = sourcecode.swift; path = UtilityMethods.swift; sourceTree = "<group>"; };
		963603521BFB7F6500BF0C4F /* UZKFileInfo_Private.h */ = {isa = PBXFileReference; lastKnownFileType = sourcecode.c.h; path = UZKFileInfo_Private.h; sourceTree = "<group>"; };
		965CF0081D241A8F00C80A88 /* NSURL+UnzipKitExtensions.h */ = {isa = PBXFileReference; fileEncoding = 4; lastKnownFileType = sourcecode.c.h; path = "NSURL+UnzipKitExtensions.h"; sourceTree = "<group>"; };
		965CF0091D241A8F00C80A88 /* NSURL+UnzipKitExtensions.m */ = {isa = PBXFileReference; fileEncoding = 4; lastKnownFileType = sourcecode.c.objc; path = "NSURL+UnzipKitExtensions.m"; sourceTree = "<group>"; };
		9677858D1F1405DB00A8D6B2 /* UnzipKitMacros.h */ = {isa = PBXFileReference; lastKnownFileType = sourcecode.c.h; path = UnzipKitMacros.h; sourceTree = "<group>"; };
		96889EED1E4A09EC0031A322 /* en */ = {isa = PBXFileReference; lastKnownFileType = text.plist.strings; name = en; path = en.lproj/UnzipKit.strings; sourceTree = "<group>"; };
		968C40BF1B585FDE004C128E /* ModesTests.m */ = {isa = PBXFileReference; fileEncoding = 4; lastKnownFileType = sourcecode.c.objc; lineEnding = 0; path = ModesTests.m; sourceTree = "<group>"; xcLanguageSpecificationIdentifier = xcode.lang.objc; };
		968C40C11B586132004C128E /* ZipFileDetectionTests.m */ = {isa = PBXFileReference; fileEncoding = 4; lastKnownFileType = sourcecode.c.objc; lineEnding = 0; path = ZipFileDetectionTests.m; sourceTree = "<group>"; xcLanguageSpecificationIdentifier = xcode.lang.objc; };
		968C40C31B58619C004C128E /* ListFilenamesTests.m */ = {isa = PBXFileReference; fileEncoding = 4; lastKnownFileType = sourcecode.c.objc; lineEnding = 0; path = ListFilenamesTests.m; sourceTree = "<group>"; xcLanguageSpecificationIdentifier = xcode.lang.objc; };
		968C40C51B5861C3004C128E /* ListFileInfoTests.m */ = {isa = PBXFileReference; fileEncoding = 4; lastKnownFileType = sourcecode.c.objc; lineEnding = 0; path = ListFileInfoTests.m; sourceTree = "<group>"; xcLanguageSpecificationIdentifier = xcode.lang.objc; };
		968C40C71B5861F4004C128E /* ExtractFilesTests.m */ = {isa = PBXFileReference; fileEncoding = 4; lastKnownFileType = sourcecode.c.objc; lineEnding = 0; path = ExtractFilesTests.m; sourceTree = "<group>"; xcLanguageSpecificationIdentifier = xcode.lang.objc; };
		968C40C91B586227004C128E /* ExtractDataTests.m */ = {isa = PBXFileReference; fileEncoding = 4; lastKnownFileType = sourcecode.c.objc; lineEnding = 0; path = ExtractDataTests.m; sourceTree = "<group>"; xcLanguageSpecificationIdentifier = xcode.lang.objc; };
		968C40CB1B586253004C128E /* PerformOnFilesTests.m */ = {isa = PBXFileReference; fileEncoding = 4; lastKnownFileType = sourcecode.c.objc; lineEnding = 0; path = PerformOnFilesTests.m; sourceTree = "<group>"; xcLanguageSpecificationIdentifier = xcode.lang.objc; };
		968C40CD1B586277004C128E /* PerformOnDataTests.m */ = {isa = PBXFileReference; fileEncoding = 4; lastKnownFileType = sourcecode.c.objc; lineEnding = 0; path = PerformOnDataTests.m; sourceTree = "<group>"; xcLanguageSpecificationIdentifier = xcode.lang.objc; };
		968C40CF1B5862A0004C128E /* ExtractBufferedDataTests.m */ = {isa = PBXFileReference; fileEncoding = 4; lastKnownFileType = sourcecode.c.objc; lineEnding = 0; path = ExtractBufferedDataTests.m; sourceTree = "<group>"; xcLanguageSpecificationIdentifier = xcode.lang.objc; };
		968C40D11B586310004C128E /* PasswordProtectionTests.m */ = {isa = PBXFileReference; fileEncoding = 4; lastKnownFileType = sourcecode.c.objc; lineEnding = 0; path = PasswordProtectionTests.m; sourceTree = "<group>"; xcLanguageSpecificationIdentifier = xcode.lang.objc; };
		968C40D31B586345004C128E /* WriteBufferedDataTests.m */ = {isa = PBXFileReference; fileEncoding = 4; lastKnownFileType = sourcecode.c.objc; lineEnding = 0; path = WriteBufferedDataTests.m; sourceTree = "<group>"; xcLanguageSpecificationIdentifier = xcode.lang.objc; };
		968C40D51B586380004C128E /* DeleteFileTests.m */ = {isa = PBXFileReference; fileEncoding = 4; lastKnownFileType = sourcecode.c.objc; lineEnding = 0; path = DeleteFileTests.m; sourceTree = "<group>"; xcLanguageSpecificationIdentifier = xcode.lang.objc; };
		968C40D71B5863A9004C128E /* ErrorHandlingTests.m */ = {isa = PBXFileReference; fileEncoding = 4; lastKnownFileType = sourcecode.c.objc; lineEnding = 0; path = ErrorHandlingTests.m; sourceTree = "<group>"; xcLanguageSpecificationIdentifier = xcode.lang.objc; };
		968C40D91B5863D9004C128E /* FileDescriptorUsageTests.m */ = {isa = PBXFileReference; fileEncoding = 4; lastKnownFileType = sourcecode.c.objc; lineEnding = 0; path = FileDescriptorUsageTests.m; sourceTree = "<group>"; xcLanguageSpecificationIdentifier = xcode.lang.objc; };
		968C40DB1B586401004C128E /* CommentsTests.m */ = {isa = PBXFileReference; fileEncoding = 4; lastKnownFileType = sourcecode.c.objc; lineEnding = 0; path = CommentsTests.m; sourceTree = "<group>"; xcLanguageSpecificationIdentifier = xcode.lang.objc; };
		968C40DD1B58642C004C128E /* MultithreadingTests.m */ = {isa = PBXFileReference; fileEncoding = 4; lastKnownFileType = sourcecode.c.objc; lineEnding = 0; path = MultithreadingTests.m; sourceTree = "<group>"; xcLanguageSpecificationIdentifier = xcode.lang.objc; };
		968C40DF1B586490004C128E /* PropertyTests.m */ = {isa = PBXFileReference; fileEncoding = 4; lastKnownFileType = sourcecode.c.objc; lineEnding = 0; path = PropertyTests.m; sourceTree = "<group>"; xcLanguageSpecificationIdentifier = xcode.lang.objc; };
		969993951BE3BA89003D18DA /* libz.tbd */ = {isa = PBXFileReference; lastKnownFileType = "sourcecode.text-based-dylib-definition"; name = libz.tbd; path = Platforms/iPhoneOS.platform/Developer/SDKs/iPhoneOS9.1.sdk/usr/lib/libz.tbd; sourceTree = DEVELOPER_DIR; };
		96B10B251C5FF337003A692C /* UnzipKitTests-iOS.xctest */ = {isa = PBXFileReference; explicitFileType = wrapper.cfbundle; includeInIndex = 0; path = "UnzipKitTests-iOS.xctest"; sourceTree = BUILT_PRODUCTS_DIR; };
		96DC15C01C5FFAA800B71F19 /* DTPerformanceSession.framework */ = {isa = PBXFileReference; lastKnownFileType = wrapper.framework; name = DTPerformanceSession.framework; path = Library/Frameworks/DTPerformanceSession.framework; sourceTree = DEVELOPER_DIR; };
		96EA659E1A40AEAE00685B6D /* UnzipKit.framework */ = {isa = PBXFileReference; explicitFileType = wrapper.framework; includeInIndex = 0; path = UnzipKit.framework; sourceTree = BUILT_PRODUCTS_DIR; };
		96EA65A21A40AEAE00685B6D /* Info.plist */ = {isa = PBXFileReference; lastKnownFileType = text.plist.xml; path = Info.plist; sourceTree = "<group>"; };
		96EA65A31A40AEAE00685B6D /* UnzipKit.h */ = {isa = PBXFileReference; lastKnownFileType = sourcecode.c.h; lineEnding = 0; path = UnzipKit.h; sourceTree = "<group>"; };
		96EA65A91A40AEAE00685B6D /* UnzipKitTests.xctest */ = {isa = PBXFileReference; explicitFileType = wrapper.cfbundle; includeInIndex = 0; path = UnzipKitTests.xctest; sourceTree = BUILT_PRODUCTS_DIR; };
		96EA65AF1A40AEAE00685B6D /* Info.plist */ = {isa = PBXFileReference; lastKnownFileType = text.plist.xml; path = Info.plist; sourceTree = "<group>"; };
		96EA65BA1A40B2EC00685B6D /* UZKArchive.h */ = {isa = PBXFileReference; fileEncoding = 4; lastKnownFileType = sourcecode.c.h; path = UZKArchive.h; sourceTree = "<group>"; };
		96EA65BB1A40B2EC00685B6D /* UZKArchive.m */ = {isa = PBXFileReference; fileEncoding = 4; lastKnownFileType = sourcecode.c.objc; lineEnding = 0; path = UZKArchive.m; sourceTree = "<group>"; };
		96EA65BF1A40BF1A00685B6D /* Test Data */ = {isa = PBXFileReference; lastKnownFileType = folder; path = "Test Data"; sourceTree = "<group>"; };
		96EA65C31A40C44300685B6D /* ioapi.c */ = {isa = PBXFileReference; fileEncoding = 4; lastKnownFileType = sourcecode.c.c; path = ioapi.c; sourceTree = "<group>"; };
		96EA65C41A40C44300685B6D /* ioapi.h */ = {isa = PBXFileReference; fileEncoding = 4; lastKnownFileType = sourcecode.c.h; path = ioapi.h; sourceTree = "<group>"; };
		96EA65C51A40C44300685B6D /* mztools.c */ = {isa = PBXFileReference; fileEncoding = 4; lastKnownFileType = sourcecode.c.c; path = mztools.c; sourceTree = "<group>"; };
		96EA65C61A40C44300685B6D /* mztools.h */ = {isa = PBXFileReference; fileEncoding = 4; lastKnownFileType = sourcecode.c.h; path = mztools.h; sourceTree = "<group>"; };
		96EA65C71A40C44300685B6D /* unzip.c */ = {isa = PBXFileReference; fileEncoding = 4; lastKnownFileType = sourcecode.c.c; path = unzip.c; sourceTree = "<group>"; };
		96EA65C81A40C44300685B6D /* unzip.h */ = {isa = PBXFileReference; fileEncoding = 4; lastKnownFileType = sourcecode.c.h; path = unzip.h; sourceTree = "<group>"; };
		96EA65C91A40C44300685B6D /* zip.c */ = {isa = PBXFileReference; fileEncoding = 4; lastKnownFileType = sourcecode.c.c; path = zip.c; sourceTree = "<group>"; };
		96EA65CA1A40C44300685B6D /* zip.h */ = {isa = PBXFileReference; fileEncoding = 4; lastKnownFileType = sourcecode.c.h; path = zip.h; sourceTree = "<group>"; };
		96EA65FF1A40E31900685B6D /* UZKFileInfo.h */ = {isa = PBXFileReference; fileEncoding = 4; lastKnownFileType = sourcecode.c.h; path = UZKFileInfo.h; sourceTree = "<group>"; };
		96EA66001A40E31900685B6D /* UZKFileInfo.m */ = {isa = PBXFileReference; fileEncoding = 4; lastKnownFileType = sourcecode.c.objc; path = UZKFileInfo.m; sourceTree = "<group>"; };
		96EA66031A435D8200685B6D /* crypt.h */ = {isa = PBXFileReference; fileEncoding = 4; lastKnownFileType = sourcecode.c.h; path = crypt.h; sourceTree = "<group>"; };
		96FCC8401B306CDD00726AC7 /* UZKArchiveTestCase.m */ = {isa = PBXFileReference; fileEncoding = 4; lastKnownFileType = sourcecode.c.objc; path = UZKArchiveTestCase.m; sourceTree = "<group>"; };
		96FFB3F41E1EC31000CCA47B /* UnzipKit.framework */ = {isa = PBXFileReference; explicitFileType = wrapper.framework; includeInIndex = 0; path = UnzipKit.framework; sourceTree = BUILT_PRODUCTS_DIR; };
		96FFB3FC1E1EC35900CCA47B /* libz.tbd */ = {isa = PBXFileReference; lastKnownFileType = "sourcecode.text-based-dylib-definition"; name = libz.tbd; path = Platforms/iPhoneOS.platform/Developer/SDKs/iPhoneOS9.3.sdk/usr/lib/libz.tbd; sourceTree = DEVELOPER_DIR; };
/* End PBXFileReference section */

/* Begin PBXFrameworksBuildPhase section */
		962F9D9B1D5D281E00205BEC /* Frameworks */ = {
			isa = PBXFrameworksBuildPhase;
			buildActionMask = 2147483647;
			files = (
			);
			runOnlyForDeploymentPostprocessing = 0;
		};
		96B10B221C5FF337003A692C /* Frameworks */ = {
			isa = PBXFrameworksBuildPhase;
			buildActionMask = 2147483647;
			files = (
				96FFB4001E1EC55600CCA47B /* UnzipKit.framework in Frameworks */,
				96B10B311C5FF771003A692C /* libz.tbd in Frameworks */,
			);
			runOnlyForDeploymentPostprocessing = 0;
		};
		96EA659A1A40AEAE00685B6D /* Frameworks */ = {
			isa = PBXFrameworksBuildPhase;
			buildActionMask = 2147483647;
			files = (
				969993971BE3BA9C003D18DA /* libz.tbd in Frameworks */,
			);
			runOnlyForDeploymentPostprocessing = 0;
		};
		96EA65A61A40AEAE00685B6D /* Frameworks */ = {
			isa = PBXFrameworksBuildPhase;
			buildActionMask = 2147483647;
			files = (
				96DC15C11C5FFAA800B71F19 /* DTPerformanceSession.framework in Frameworks */,
				96EA65AA1A40AEAE00685B6D /* UnzipKit.framework in Frameworks */,
				969993981BE3BB0C003D18DA /* libz.tbd in Frameworks */,
			);
			runOnlyForDeploymentPostprocessing = 0;
		};
		96FFB3F01E1EC31000CCA47B /* Frameworks */ = {
			isa = PBXFrameworksBuildPhase;
			buildActionMask = 2147483647;
			files = (
				96FFB3FD1E1EC35900CCA47B /* libz.tbd in Frameworks */,
			);
			runOnlyForDeploymentPostprocessing = 0;
		};
/* End PBXFrameworksBuildPhase section */

/* Begin PBXGroup section */
		962F9D9F1D5D281E00205BEC /* UnzipKitResources */ = {
			isa = PBXGroup;
			children = (
				962F9DA41D5D286B00205BEC /* UnzipKit.strings */,
				962F9DA01D5D281E00205BEC /* Info.plist */,
			);
			name = UnzipKitResources;
			path = Resources;
			sourceTree = "<group>";
		};
		965CF0071D241A0100C80A88 /* Extensions */ = {
			isa = PBXGroup;
			children = (
				965CF0081D241A8F00C80A88 /* NSURL+UnzipKitExtensions.h */,
				965CF0091D241A8F00C80A88 /* NSURL+UnzipKitExtensions.m */,
			);
			path = Extensions;
			sourceTree = "<group>";
		};
		96EA65941A40AEAE00685B6D = {
			isa = PBXGroup;
			children = (
				96EA65C11A40C44300685B6D /* Lib */,
				96EA65A01A40AEAE00685B6D /* UnzipKit */,
				96EA65AD1A40AEAE00685B6D /* UnzipKitTests */,
				962F9D9F1D5D281E00205BEC /* UnzipKitResources */,
				96EA65F61A40C86200685B6D /* Frameworks */,
				96EA659F1A40AEAE00685B6D /* Products */,
			);
			sourceTree = "<group>";
		};
		96EA659F1A40AEAE00685B6D /* Products */ = {
			isa = PBXGroup;
			children = (
				96EA659E1A40AEAE00685B6D /* UnzipKit.framework */,
				96EA65A91A40AEAE00685B6D /* UnzipKitTests.xctest */,
				96B10B251C5FF337003A692C /* UnzipKitTests-iOS.xctest */,
				962F9D9E1D5D281E00205BEC /* UnzipKitResources.bundle */,
				96FFB3F41E1EC31000CCA47B /* UnzipKit.framework */,
			);
			name = Products;
			sourceTree = "<group>";
		};
		96EA65A01A40AEAE00685B6D /* UnzipKit */ = {
			isa = PBXGroup;
			children = (
				965CF0071D241A0100C80A88 /* Extensions */,
				96EA65A31A40AEAE00685B6D /* UnzipKit.h */,
				9677858D1F1405DB00A8D6B2 /* UnzipKitMacros.h */,
				96EA65BA1A40B2EC00685B6D /* UZKArchive.h */,
				96EA65BB1A40B2EC00685B6D /* UZKArchive.m */,
				96EA65FF1A40E31900685B6D /* UZKFileInfo.h */,
				963603521BFB7F6500BF0C4F /* UZKFileInfo_Private.h */,
				96EA66001A40E31900685B6D /* UZKFileInfo.m */,
				96EA65A11A40AEAE00685B6D /* Supporting Files */,
			);
			name = UnzipKit;
			path = Source;
			sourceTree = "<group>";
		};
		96EA65A11A40AEAE00685B6D /* Supporting Files */ = {
			isa = PBXGroup;
			children = (
				96EA65A21A40AEAE00685B6D /* Info.plist */,
			);
			name = "Supporting Files";
			sourceTree = "<group>";
		};
		96EA65AD1A40AEAE00685B6D /* UnzipKitTests */ = {
			isa = PBXGroup;
			children = (
				96EA65BF1A40BF1A00685B6D /* Test Data */,
				961A9BB61B306902007C4C6B /* UZKArchiveTestCase.h */,
				96FCC8401B306CDD00726AC7 /* UZKArchiveTestCase.m */,
				963386B71EE89A49006B16BF /* UtilityMethods.swift */,
				968C40DB1B586401004C128E /* CommentsTests.m */,
				968C40D51B586380004C128E /* DeleteFileTests.m */,
				968C40D71B5863A9004C128E /* ErrorHandlingTests.m */,
				968C40CF1B5862A0004C128E /* ExtractBufferedDataTests.m */,
				968C40C91B586227004C128E /* ExtractDataTests.m */,
				9630C0371C6D27A4000693EE /* ExtractDataTests_Swift.swift */,
				968C40C71B5861F4004C128E /* ExtractFilesTests.m */,
				968C40D91B5863D9004C128E /* FileDescriptorUsageTests.m */,
				968C40C31B58619C004C128E /* ListFilenamesTests.m */,
				968C40C51B5861C3004C128E /* ListFileInfoTests.m */,
				968C40BF1B585FDE004C128E /* ModesTests.m */,
				968C40DD1B58642C004C128E /* MultithreadingTests.m */,
				968C40D11B586310004C128E /* PasswordProtectionTests.m */,
				968C40CD1B586277004C128E /* PerformOnDataTests.m */,
				968C40CB1B586253004C128E /* PerformOnFilesTests.m */,
				968C40DF1B586490004C128E /* PropertyTests.m */,
				968C40D31B586345004C128E /* WriteBufferedDataTests.m */,
				961A9BB41B306881007C4C6B /* WriteDataTests.swift */,
				968C40C11B586132004C128E /* ZipFileDetectionTests.m */,
				96EA65AE1A40AEAE00685B6D /* Supporting Files */,
			);
			name = UnzipKitTests;
			path = Tests;
			sourceTree = "<group>";
		};
		96EA65AE1A40AEAE00685B6D /* Supporting Files */ = {
			isa = PBXGroup;
			children = (
				96EA65AF1A40AEAE00685B6D /* Info.plist */,
				961A9BB31B306880007C4C6B /* UnzipKitTests-Bridging-Header.h */,
			);
			name = "Supporting Files";
			sourceTree = "<group>";
		};
		96EA65C11A40C44300685B6D /* Lib */ = {
			isa = PBXGroup;
			children = (
				96EA65C21A40C44300685B6D /* MiniZip */,
			);
			path = Lib;
			sourceTree = "<group>";
		};
		96EA65C21A40C44300685B6D /* MiniZip */ = {
			isa = PBXGroup;
			children = (
				96EA66031A435D8200685B6D /* crypt.h */,
				96EA65C31A40C44300685B6D /* ioapi.c */,
				96EA65C41A40C44300685B6D /* ioapi.h */,
				96EA65C51A40C44300685B6D /* mztools.c */,
				96EA65C61A40C44300685B6D /* mztools.h */,
				96EA65C71A40C44300685B6D /* unzip.c */,
				96EA65C81A40C44300685B6D /* unzip.h */,
				96EA65C91A40C44300685B6D /* zip.c */,
				96EA65CA1A40C44300685B6D /* zip.h */,
			);
			path = MiniZip;
			sourceTree = "<group>";
		};
		96EA65F61A40C86200685B6D /* Frameworks */ = {
			isa = PBXGroup;
			children = (
				96FFB3FC1E1EC35900CCA47B /* libz.tbd */,
				96DC15C01C5FFAA800B71F19 /* DTPerformanceSession.framework */,
				969993951BE3BA89003D18DA /* libz.tbd */,
			);
			name = Frameworks;
			sourceTree = "<group>";
		};
/* End PBXGroup section */

/* Begin PBXHeadersBuildPhase section */
		96EA659B1A40AEAE00685B6D /* Headers */ = {
			isa = PBXHeadersBuildPhase;
			buildActionMask = 2147483647;
			files = (
				96EA65BC1A40B2EC00685B6D /* UZKArchive.h in Headers */,
				96EA66011A40E31900685B6D /* UZKFileInfo.h in Headers */,
				96EA65A41A40AEAE00685B6D /* UnzipKit.h in Headers */,
				963603531BFB815600BF0C4F /* UZKFileInfo_Private.h in Headers */,
				966A971C1A4A1F2A003597AA /* unzip.h in Headers */,
				966A971F1A4A2351003597AA /* ioapi.h in Headers */,
				966A97201A4A2354003597AA /* crypt.h in Headers */,
				966A971E1A4A234C003597AA /* mztools.h in Headers */,
				966A971D1A4A2348003597AA /* zip.h in Headers */,
				9677858E1F1405F000A8D6B2 /* UnzipKitMacros.h in Headers */,
				965CF00A1D241A8F00C80A88 /* NSURL+UnzipKitExtensions.h in Headers */,
			);
			runOnlyForDeploymentPostprocessing = 0;
		};
		96FFB3F11E1EC31000CCA47B /* Headers */ = {
			isa = PBXHeadersBuildPhase;
			buildActionMask = 2147483647;
			files = (
				96FFB4021E1EC68E00CCA47B /* UZKArchive.h in Headers */,
				96FFB4031E1EC68E00CCA47B /* UZKFileInfo.h in Headers */,
				96FFB4011E1EC68E00CCA47B /* UnzipKit.h in Headers */,
				96FFB40B1E1EC70800CCA47B /* UZKFileInfo_Private.h in Headers */,
				96FFB40F1E1EC71800CCA47B /* unzip.h in Headers */,
				96FFB40D1E1EC71800CCA47B /* ioapi.h in Headers */,
				96FFB40C1E1EC71800CCA47B /* crypt.h in Headers */,
				96FFB40E1E1EC71800CCA47B /* mztools.h in Headers */,
				96FFB4101E1EC71800CCA47B /* zip.h in Headers */,
				9677858F1F1405FC00A8D6B2 /* UnzipKitMacros.h in Headers */,
				96FFB4111E1EC72F00CCA47B /* NSURL+UnzipKitExtensions.h in Headers */,
			);
			runOnlyForDeploymentPostprocessing = 0;
		};
/* End PBXHeadersBuildPhase section */

/* Begin PBXNativeTarget section */
		962F9D9D1D5D281E00205BEC /* UnzipKitResources */ = {
			isa = PBXNativeTarget;
			buildConfigurationList = 962F9DA11D5D281E00205BEC /* Build configuration list for PBXNativeTarget "UnzipKitResources" */;
			buildPhases = (
				962F9D9A1D5D281E00205BEC /* Sources */,
				962F9D9B1D5D281E00205BEC /* Frameworks */,
				962F9D9C1D5D281E00205BEC /* Resources */,
			);
			buildRules = (
			);
			dependencies = (
			);
			name = UnzipKitResources;
			productName = UnzipKitResources;
			productReference = 962F9D9E1D5D281E00205BEC /* UnzipKitResources.bundle */;
			productType = "com.apple.product-type.bundle";
		};
		96B10B241C5FF337003A692C /* UnzipKitTests-iOS */ = {
			isa = PBXNativeTarget;
			buildConfigurationList = 96B10B2C1C5FF337003A692C /* Build configuration list for PBXNativeTarget "UnzipKitTests-iOS" */;
			buildPhases = (
				96B10B211C5FF337003A692C /* Sources */,
				96B10B221C5FF337003A692C /* Frameworks */,
				96B10B231C5FF337003A692C /* Resources */,
			);
			buildRules = (
			);
			dependencies = (
				96FFB3FF1E1EC54100CCA47B /* PBXTargetDependency */,
			);
			name = "UnzipKitTests-iOS";
			productName = "UnzipKitTests-iOS";
			productReference = 96B10B251C5FF337003A692C /* UnzipKitTests-iOS.xctest */;
			productType = "com.apple.product-type.bundle.unit-test";
		};
		96EA659D1A40AEAE00685B6D /* UnzipKit */ = {
			isa = PBXNativeTarget;
			buildConfigurationList = 96EA65B41A40AEAE00685B6D /* Build configuration list for PBXNativeTarget "UnzipKit" */;
			buildPhases = (
				96EA65991A40AEAE00685B6D /* Sources */,
				96EA659A1A40AEAE00685B6D /* Frameworks */,
				96EA659B1A40AEAE00685B6D /* Headers */,
				96EA659C1A40AEAE00685B6D /* Resources */,
			);
			buildRules = (
			);
			dependencies = (
			);
			name = UnzipKit;
			productName = UnzipKit;
			productReference = 96EA659E1A40AEAE00685B6D /* UnzipKit.framework */;
			productType = "com.apple.product-type.framework";
		};
		96EA65A81A40AEAE00685B6D /* UnzipKitTests */ = {
			isa = PBXNativeTarget;
			buildConfigurationList = 96EA65B71A40AEAE00685B6D /* Build configuration list for PBXNativeTarget "UnzipKitTests" */;
			buildPhases = (
				96EA65A51A40AEAE00685B6D /* Sources */,
				96EA65A61A40AEAE00685B6D /* Frameworks */,
				96EA65A71A40AEAE00685B6D /* Resources */,
			);
			buildRules = (
			);
			dependencies = (
				96EA65AC1A40AEAE00685B6D /* PBXTargetDependency */,
			);
			name = UnzipKitTests;
			productName = UnzipKitTests;
			productReference = 96EA65A91A40AEAE00685B6D /* UnzipKitTests.xctest */;
			productType = "com.apple.product-type.bundle.unit-test";
		};
		96FFB3F31E1EC31000CCA47B /* UnzipKit-iOS */ = {
			isa = PBXNativeTarget;
			buildConfigurationList = 96FFB3FB1E1EC31000CCA47B /* Build configuration list for PBXNativeTarget "UnzipKit-iOS" */;
			buildPhases = (
				96FFB3EF1E1EC31000CCA47B /* Sources */,
				96FFB3F01E1EC31000CCA47B /* Frameworks */,
				96FFB3F11E1EC31000CCA47B /* Headers */,
				96FFB3F21E1EC31000CCA47B /* Resources */,
			);
			buildRules = (
			);
			dependencies = (
			);
			name = "UnzipKit-iOS";
			productName = "UnzipKit-iOS";
			productReference = 96FFB3F41E1EC31000CCA47B /* UnzipKit.framework */;
			productType = "com.apple.product-type.framework";
		};
/* End PBXNativeTarget section */

/* Begin PBXProject section */
		96EA65951A40AEAE00685B6D /* Project object */ = {
			isa = PBXProject;
			attributes = {
				LastSwiftMigration = 0700;
				LastSwiftUpdateCheck = 0720;
				LastUpgradeCheck = 0820;
				ORGANIZATIONNAME = "Abbey Code";
				TargetAttributes = {
					962F9D9D1D5D281E00205BEC = {
						CreatedOnToolsVersion = 7.3.1;
					};
					96B10B241C5FF337003A692C = {
						CreatedOnToolsVersion = 7.2;
						LastSwiftMigration = 0820;
					};
					96EA659D1A40AEAE00685B6D = {
						CreatedOnToolsVersion = 6.1.1;
						LastSwiftMigration = 0830;
					};
					96EA65A81A40AEAE00685B6D = {
						CreatedOnToolsVersion = 6.1.1;
						LastSwiftMigration = 0820;
					};
					96FFB3F31E1EC31000CCA47B = {
						CreatedOnToolsVersion = 7.3.1;
					};
				};
			};
			buildConfigurationList = 96EA65981A40AEAE00685B6D /* Build configuration list for PBXProject "UnzipKit" */;
			compatibilityVersion = "Xcode 3.2";
			developmentRegion = English;
			hasScannedForEncodings = 0;
			knownRegions = (
				en,
				base,
			);
			mainGroup = 96EA65941A40AEAE00685B6D;
			productRefGroup = 96EA659F1A40AEAE00685B6D /* Products */;
			projectDirPath = "";
			projectRoot = "";
			targets = (
				96EA659D1A40AEAE00685B6D /* UnzipKit */,
				96FFB3F31E1EC31000CCA47B /* UnzipKit-iOS */,
				96EA65A81A40AEAE00685B6D /* UnzipKitTests */,
				96B10B241C5FF337003A692C /* UnzipKitTests-iOS */,
				962F9D9D1D5D281E00205BEC /* UnzipKitResources */,
			);
		};
/* End PBXProject section */

/* Begin PBXResourcesBuildPhase section */
		962F9D9C1D5D281E00205BEC /* Resources */ = {
			isa = PBXResourcesBuildPhase;
			buildActionMask = 2147483647;
			files = (
				962F9DA61D5D286B00205BEC /* UnzipKit.strings in Resources */,
			);
			runOnlyForDeploymentPostprocessing = 0;
		};
		96B10B231C5FF337003A692C /* Resources */ = {
			isa = PBXResourcesBuildPhase;
			buildActionMask = 2147483647;
			files = (
				96B10B321C5FF898003A692C /* Test Data in Resources */,
			);
			runOnlyForDeploymentPostprocessing = 0;
		};
		96EA659C1A40AEAE00685B6D /* Resources */ = {
			isa = PBXResourcesBuildPhase;
			buildActionMask = 2147483647;
			files = (
				962F9DA81D5D288B00205BEC /* UnzipKitResources.bundle in Resources */,
			);
			runOnlyForDeploymentPostprocessing = 0;
		};
		96EA65A71A40AEAE00685B6D /* Resources */ = {
			isa = PBXResourcesBuildPhase;
			buildActionMask = 2147483647;
			files = (
				96EA65C01A40BF1A00685B6D /* Test Data in Resources */,
			);
			runOnlyForDeploymentPostprocessing = 0;
		};
		96FFB3F21E1EC31000CCA47B /* Resources */ = {
			isa = PBXResourcesBuildPhase;
			buildActionMask = 2147483647;
			files = (
			);
			runOnlyForDeploymentPostprocessing = 0;
		};
/* End PBXResourcesBuildPhase section */

/* Begin PBXSourcesBuildPhase section */
		962F9D9A1D5D281E00205BEC /* Sources */ = {
			isa = PBXSourcesBuildPhase;
			buildActionMask = 2147483647;
			files = (
			);
			runOnlyForDeploymentPostprocessing = 0;
		};
		96B10B211C5FF337003A692C /* Sources */ = {
			isa = PBXSourcesBuildPhase;
			buildActionMask = 2147483647;
			files = (
				96B10B351C5FF8E7003A692C /* ErrorHandlingTests.m in Sources */,
				96DC15C41C5FFC8100B71F19 /* ListFileInfoTests.m in Sources */,
				96DC15C91C5FFEE900B71F19 /* PerformOnFilesTests.m in Sources */,
				96B10B2F1C5FF3AA003A692C /* ExtractFilesTests.m in Sources */,
				96DC15CB1C5FFEFE00B71F19 /* WriteBufferedDataTests.m in Sources */,
				96DC15C71C5FFE8C00B71F19 /* PasswordProtectionTests.m in Sources */,
				96B10B361C5FF8F4003A692C /* ExtractBufferedDataTests.m in Sources */,
				96DC15CD1C60008400B71F19 /* ZipFileDetectionTests.m in Sources */,
				96DC15C31C5FFC7600B71F19 /* ListFilenamesTests.m in Sources */,
				963386BA1EE89A51006B16BF /* UtilityMethods.swift in Sources */,
				96DC15C51C5FFC8A00B71F19 /* ModesTests.m in Sources */,
				96DC15CC1C5FFF2300B71F19 /* WriteDataTests.swift in Sources */,
				9630C0391C6D27A4000693EE /* ExtractDataTests_Swift.swift in Sources */,
				96B10B331C5FF8D5003A692C /* CommentsTests.m in Sources */,
				96B10B341C5FF8DE003A692C /* DeleteFileTests.m in Sources */,
				96B10B301C5FF453003A692C /* UZKArchiveTestCase.m in Sources */,
				96DC15CA1C5FFEF300B71F19 /* PropertyTests.m in Sources */,
				96DC15C81C5FFE9900B71F19 /* PerformOnDataTests.m in Sources */,
			);
			runOnlyForDeploymentPostprocessing = 0;
		};
		96EA65991A40AEAE00685B6D /* Sources */ = {
			isa = PBXSourcesBuildPhase;
			buildActionMask = 2147483647;
			files = (
				96EA65BD1A40B2EC00685B6D /* UZKArchive.m in Sources */,
				96EA66021A40E31900685B6D /* UZKFileInfo.m in Sources */,
				96EA65D81A40C44300685B6D /* ioapi.c in Sources */,
				96EA65DE1A40C44300685B6D /* unzip.c in Sources */,
				96EA65E11A40C44300685B6D /* zip.c in Sources */,
				96EA65DB1A40C44300685B6D /* mztools.c in Sources */,
				965CF00C1D241A8F00C80A88 /* NSURL+UnzipKitExtensions.m in Sources */,
			);
			runOnlyForDeploymentPostprocessing = 0;
		};
		96EA65A51A40AEAE00685B6D /* Sources */ = {
			isa = PBXSourcesBuildPhase;
			buildActionMask = 2147483647;
			files = (
				968C40C41B58619C004C128E /* ListFilenamesTests.m in Sources */,
				968C40D81B5863A9004C128E /* ErrorHandlingTests.m in Sources */,
				968C40DE1B58642C004C128E /* MultithreadingTests.m in Sources */,
				968C40D61B586380004C128E /* DeleteFileTests.m in Sources */,
				96FCC8411B306CDD00726AC7 /* UZKArchiveTestCase.m in Sources */,
				968C40C21B586132004C128E /* ZipFileDetectionTests.m in Sources */,
				968C40D41B586345004C128E /* WriteBufferedDataTests.m in Sources */,
				968C40CC1B586253004C128E /* PerformOnFilesTests.m in Sources */,
				968C40CA1B586227004C128E /* ExtractDataTests.m in Sources */,
				9630C0381C6D27A4000693EE /* ExtractDataTests_Swift.swift in Sources */,
				968C40C01B585FDE004C128E /* ModesTests.m in Sources */,
				968C40DA1B5863D9004C128E /* FileDescriptorUsageTests.m in Sources */,
				961A9BB51B306881007C4C6B /* WriteDataTests.swift in Sources */,
				968C40C61B5861C3004C128E /* ListFileInfoTests.m in Sources */,
				968C40E01B586490004C128E /* PropertyTests.m in Sources */,
				968C40DC1B586401004C128E /* CommentsTests.m in Sources */,
				968C40D21B586310004C128E /* PasswordProtectionTests.m in Sources */,
				963386B91EE89A51006B16BF /* UtilityMethods.swift in Sources */,
				968C40C81B5861F4004C128E /* ExtractFilesTests.m in Sources */,
				968C40D01B5862A0004C128E /* ExtractBufferedDataTests.m in Sources */,
				968C40CE1B586277004C128E /* PerformOnDataTests.m in Sources */,
			);
			runOnlyForDeploymentPostprocessing = 0;
		};
		96FFB3EF1E1EC31000CCA47B /* Sources */ = {
			isa = PBXSourcesBuildPhase;
			buildActionMask = 2147483647;
			files = (
				96FFB4041E1EC6A100CCA47B /* UZKArchive.m in Sources */,
				96FFB4051E1EC6A400CCA47B /* UZKFileInfo.m in Sources */,
				96FFB4061E1EC6C800CCA47B /* ioapi.c in Sources */,
				96FFB4081E1EC6C800CCA47B /* unzip.c in Sources */,
				96FFB4091E1EC6C800CCA47B /* zip.c in Sources */,
				96FFB4071E1EC6C800CCA47B /* mztools.c in Sources */,
				96FFB40A1E1EC6FC00CCA47B /* NSURL+UnzipKitExtensions.m in Sources */,
			);
			runOnlyForDeploymentPostprocessing = 0;
		};
/* End PBXSourcesBuildPhase section */

/* Begin PBXTargetDependency section */
		96EA65AC1A40AEAE00685B6D /* PBXTargetDependency */ = {
			isa = PBXTargetDependency;
			target = 96EA659D1A40AEAE00685B6D /* UnzipKit */;
			targetProxy = 96EA65AB1A40AEAE00685B6D /* PBXContainerItemProxy */;
		};
		96FFB3FF1E1EC54100CCA47B /* PBXTargetDependency */ = {
			isa = PBXTargetDependency;
			target = 96FFB3F31E1EC31000CCA47B /* UnzipKit-iOS */;
			targetProxy = 96FFB3FE1E1EC54100CCA47B /* PBXContainerItemProxy */;
		};
/* End PBXTargetDependency section */

/* Begin PBXVariantGroup section */
		962F9DA41D5D286B00205BEC /* UnzipKit.strings */ = {
			isa = PBXVariantGroup;
			children = (
				96889EED1E4A09EC0031A322 /* en */,
			);
			name = UnzipKit.strings;
			sourceTree = "<group>";
		};
/* End PBXVariantGroup section */

/* Begin XCBuildConfiguration section */
		962F9DA21D5D281E00205BEC /* Debug */ = {
			isa = XCBuildConfiguration;
			buildSettings = {
				CLANG_ANALYZER_NONNULL = YES;
				CODE_SIGN_IDENTITY = "-";
				COMBINE_HIDPI_IMAGES = YES;
				DEBUG_INFORMATION_FORMAT = dwarf;
				GCC_NO_COMMON_BLOCKS = YES;
				INFOPLIST_FILE = Resources/Info.plist;
				INSTALL_PATH = "$(LOCAL_LIBRARY_DIR)/Bundles";
				PRODUCT_BUNDLE_IDENTIFIER = "com.abbey-code.UnzipKitResources";
				PRODUCT_NAME = "$(TARGET_NAME)";
				SKIP_INSTALL = YES;
				WRAPPER_EXTENSION = bundle;
			};
			name = Debug;
		};
		962F9DA31D5D281E00205BEC /* Release */ = {
			isa = XCBuildConfiguration;
			buildSettings = {
				CLANG_ANALYZER_NONNULL = YES;
				CODE_SIGN_IDENTITY = "-";
				COMBINE_HIDPI_IMAGES = YES;
				COPY_PHASE_STRIP = NO;
				GCC_NO_COMMON_BLOCKS = YES;
				INFOPLIST_FILE = Resources/Info.plist;
				INSTALL_PATH = "$(LOCAL_LIBRARY_DIR)/Bundles";
				PRODUCT_BUNDLE_IDENTIFIER = "com.abbey-code.UnzipKitResources";
				PRODUCT_NAME = "$(TARGET_NAME)";
				SKIP_INSTALL = YES;
				WRAPPER_EXTENSION = bundle;
			};
			name = Release;
		};
		96B10B2D1C5FF337003A692C /* Debug */ = {
			isa = XCBuildConfiguration;
			buildSettings = {
				"CODE_SIGN_IDENTITY[sdk=iphoneos*]" = "iPhone Developer";
				DEBUG_INFORMATION_FORMAT = dwarf;
				FRAMEWORK_SEARCH_PATHS = (
					"$(DEVELOPER_FRAMEWORKS_DIR)",
					"$(inherited)",
				);
				GCC_NO_COMMON_BLOCKS = YES;
				INFOPLIST_FILE = Tests/Info.plist;
				LD_RUNPATH_SEARCH_PATHS = "$(inherited) @executable_path/Frameworks @loader_path/Frameworks";
				PRODUCT_BUNDLE_IDENTIFIER = "com.abbey-code.UnzipKitTests-iOS";
				PRODUCT_NAME = "$(TARGET_NAME)";
				SDKROOT = iphoneos;
				SWIFT_OBJC_BRIDGING_HEADER = "Tests/UnzipKitTests-Bridging-Header.h";
				SWIFT_OPTIMIZATION_LEVEL = "-Onone";
				SWIFT_VERSION = 3.0;
				WARNING_CFLAGS = (
					"$(inherited)",
					"-Wno-gnu-statement-expression",
					"-Wno-non-modular-include-in-framework-module",
					"-Wno-reserved-id-macro",
					"-Wno-nullable-to-nonnull-conversion",
					"-Wno-pointer-arith",
					"-Wno-cast-qual",
				);
			};
			name = Debug;
		};
		96B10B2E1C5FF337003A692C /* Release */ = {
			isa = XCBuildConfiguration;
			buildSettings = {
				"CODE_SIGN_IDENTITY[sdk=iphoneos*]" = "iPhone Developer";
				COPY_PHASE_STRIP = NO;
				FRAMEWORK_SEARCH_PATHS = (
					"$(DEVELOPER_FRAMEWORKS_DIR)",
					"$(inherited)",
				);
				GCC_NO_COMMON_BLOCKS = YES;
				INFOPLIST_FILE = Tests/Info.plist;
				LD_RUNPATH_SEARCH_PATHS = "$(inherited) @executable_path/Frameworks @loader_path/Frameworks";
				PRODUCT_BUNDLE_IDENTIFIER = "com.abbey-code.UnzipKitTests-iOS";
				PRODUCT_NAME = "$(TARGET_NAME)";
				SDKROOT = iphoneos;
				SWIFT_OBJC_BRIDGING_HEADER = "Tests/UnzipKitTests-Bridging-Header.h";
				SWIFT_VERSION = 3.0;
				VALIDATE_PRODUCT = YES;
				WARNING_CFLAGS = (
					"$(inherited)",
					"-Wno-everything",
				);
			};
			name = Release;
		};
		96EA65B21A40AEAE00685B6D /* Debug */ = {
			isa = XCBuildConfiguration;
			buildSettings = {
				ALWAYS_SEARCH_USER_PATHS = NO;
				CLANG_ALLOW_NON_MODULAR_INCLUDES_IN_FRAMEWORK_MODULES = YES;
				CLANG_CXX_LANGUAGE_STANDARD = "gnu++0x";
				CLANG_CXX_LIBRARY = "libc++";
				CLANG_ENABLE_MODULES = YES;
				CLANG_ENABLE_OBJC_ARC = YES;
				CLANG_WARN_BOOL_CONVERSION = YES;
				CLANG_WARN_CONSTANT_CONVERSION = YES;
				CLANG_WARN_DIRECT_OBJC_ISA_USAGE = YES_ERROR;
				CLANG_WARN_EMPTY_BODY = YES;
				CLANG_WARN_ENUM_CONVERSION = YES;
				CLANG_WARN_INFINITE_RECURSION = YES;
				CLANG_WARN_INT_CONVERSION = YES;
				CLANG_WARN_OBJC_ROOT_CLASS = YES_ERROR;
				CLANG_WARN_SUSPICIOUS_MOVE = YES;
				CLANG_WARN_UNREACHABLE_CODE = YES;
				CLANG_WARN__DUPLICATE_METHOD_MATCH = YES;
				COPY_PHASE_STRIP = NO;
				CURRENT_PROJECT_VERSION = 1.8.5;
				ENABLE_STRICT_OBJC_MSGSEND = YES;
				ENABLE_TESTABILITY = YES;
				GCC_C_LANGUAGE_STANDARD = gnu99;
				GCC_DYNAMIC_NO_PIC = NO;
				GCC_NO_COMMON_BLOCKS = YES;
				GCC_OPTIMIZATION_LEVEL = 0;
				GCC_PREPROCESSOR_DEFINITIONS = (
					"DEBUG=1",
					"$(inherited)",
				);
				GCC_SYMBOLS_PRIVATE_EXTERN = NO;
				GCC_WARN_64_TO_32_BIT_CONVERSION = YES;
				GCC_WARN_ABOUT_RETURN_TYPE = YES_ERROR;
				GCC_WARN_UNDECLARED_SELECTOR = YES;
				GCC_WARN_UNINITIALIZED_AUTOS = YES_AGGRESSIVE;
				GCC_WARN_UNUSED_FUNCTION = YES;
				GCC_WARN_UNUSED_VARIABLE = YES;
				IPHONEOS_DEPLOYMENT_TARGET = 10.3;
				MACOSX_DEPLOYMENT_TARGET = 10.12;
				MTL_ENABLE_DEBUG_INFO = YES;
				ONLY_ACTIVE_ARCH = YES;
				SDKROOT = macosx;
				VERSION_INFO_PREFIX = "";
				WARNING_CFLAGS = (
					"-Weverything",
					"-Wno-objc-missing-property-synthesis",
					"-Wno-auto-import",
				);
			};
			name = Debug;
		};
		96EA65B31A40AEAE00685B6D /* Release */ = {
			isa = XCBuildConfiguration;
			buildSettings = {
				ALWAYS_SEARCH_USER_PATHS = NO;
				CLANG_ALLOW_NON_MODULAR_INCLUDES_IN_FRAMEWORK_MODULES = YES;
				CLANG_CXX_LANGUAGE_STANDARD = "gnu++0x";
				CLANG_CXX_LIBRARY = "libc++";
				CLANG_ENABLE_MODULES = YES;
				CLANG_ENABLE_OBJC_ARC = YES;
				CLANG_WARN_BOOL_CONVERSION = YES;
				CLANG_WARN_CONSTANT_CONVERSION = YES;
				CLANG_WARN_DIRECT_OBJC_ISA_USAGE = YES_ERROR;
				CLANG_WARN_EMPTY_BODY = YES;
				CLANG_WARN_ENUM_CONVERSION = YES;
				CLANG_WARN_INFINITE_RECURSION = YES;
				CLANG_WARN_INT_CONVERSION = YES;
				CLANG_WARN_OBJC_ROOT_CLASS = YES_ERROR;
				CLANG_WARN_SUSPICIOUS_MOVE = YES;
				CLANG_WARN_UNREACHABLE_CODE = YES;
				CLANG_WARN__DUPLICATE_METHOD_MATCH = YES;
				COPY_PHASE_STRIP = YES;
				CURRENT_PROJECT_VERSION = 1.8.5;
				DEBUG_INFORMATION_FORMAT = "dwarf-with-dsym";
				ENABLE_NS_ASSERTIONS = NO;
				ENABLE_STRICT_OBJC_MSGSEND = YES;
				GCC_C_LANGUAGE_STANDARD = gnu99;
				GCC_NO_COMMON_BLOCKS = YES;
				GCC_TREAT_WARNINGS_AS_ERRORS = YES;
				GCC_WARN_64_TO_32_BIT_CONVERSION = YES;
				GCC_WARN_ABOUT_RETURN_TYPE = YES_ERROR;
				GCC_WARN_UNDECLARED_SELECTOR = YES;
				GCC_WARN_UNINITIALIZED_AUTOS = YES_AGGRESSIVE;
				GCC_WARN_UNUSED_FUNCTION = YES;
				GCC_WARN_UNUSED_VARIABLE = YES;
				IPHONEOS_DEPLOYMENT_TARGET = 10.3;
				MACOSX_DEPLOYMENT_TARGET = 10.12;
				MTL_ENABLE_DEBUG_INFO = NO;
				SDKROOT = macosx;
				SWIFT_OPTIMIZATION_LEVEL = "-Owholemodule";
				VERSION_INFO_PREFIX = "";
				WARNING_CFLAGS = (
					"-Wno-error=unused-command-line-argument",
					"-Weverything",
					"-Wno-objc-missing-property-synthesis",
					"-Wno-auto-import",
					"-Wno-error=reserved-id-macro",
				);
			};
			name = Release;
		};
		96EA65B51A40AEAE00685B6D /* Debug */ = {
			isa = XCBuildConfiguration;
			buildSettings = {
				CLANG_ENABLE_MODULES = YES;
				COMBINE_HIDPI_IMAGES = YES;
				DEFINES_MODULE = YES;
				DYLIB_COMPATIBILITY_VERSION = 1;
				DYLIB_CURRENT_VERSION = 1.8.5;
				DYLIB_INSTALL_NAME_BASE = "@rpath";
				FRAMEWORK_VERSION = A;
				INFOPLIST_FILE = Source/Info.plist;
				INSTALL_PATH = "$(LOCAL_LIBRARY_DIR)/Frameworks";
				LD_RUNPATH_SEARCH_PATHS = "$(inherited) @executable_path/../Frameworks @loader_path/Frameworks";
				PRODUCT_BUNDLE_IDENTIFIER = "com.abbey-code.$(PRODUCT_NAME:rfc1034identifier)";
				PRODUCT_NAME = "$(TARGET_NAME)";
				SKIP_INSTALL = YES;
				SWIFT_OPTIMIZATION_LEVEL = "-Onone";
				SWIFT_VERSION = 3.0;
			};
			name = Debug;
		};
		96EA65B61A40AEAE00685B6D /* Release */ = {
			isa = XCBuildConfiguration;
			buildSettings = {
				CLANG_ENABLE_MODULES = YES;
				COMBINE_HIDPI_IMAGES = YES;
				DEFINES_MODULE = YES;
				DYLIB_COMPATIBILITY_VERSION = 1;
				DYLIB_CURRENT_VERSION = 1.8.5;
				DYLIB_INSTALL_NAME_BASE = "@rpath";
				FRAMEWORK_VERSION = A;
				INFOPLIST_FILE = Source/Info.plist;
				INSTALL_PATH = "$(LOCAL_LIBRARY_DIR)/Frameworks";
				LD_RUNPATH_SEARCH_PATHS = "$(inherited) @executable_path/../Frameworks @loader_path/Frameworks";
				PRODUCT_BUNDLE_IDENTIFIER = "com.abbey-code.$(PRODUCT_NAME:rfc1034identifier)";
				PRODUCT_NAME = "$(TARGET_NAME)";
				SKIP_INSTALL = YES;
				SWIFT_VERSION = 3.0;
			};
			name = Release;
		};
		96EA65B81A40AEAE00685B6D /* Debug */ = {
			isa = XCBuildConfiguration;
			buildSettings = {
				CLANG_ENABLE_MODULES = YES;
				COMBINE_HIDPI_IMAGES = YES;
				FRAMEWORK_SEARCH_PATHS = (
					"$(DEVELOPER_FRAMEWORKS_DIR)",
					"$(inherited)",
				);
				GCC_PREPROCESSOR_DEFINITIONS = (
					"DEBUG=1",
					"$(inherited)",
				);
				INFOPLIST_FILE = Tests/Info.plist;
				LD_RUNPATH_SEARCH_PATHS = "$(inherited) @executable_path/../Frameworks @loader_path/../Frameworks";
				PRODUCT_BUNDLE_IDENTIFIER = "com.abbey-code.$(PRODUCT_NAME:rfc1034identifier)";
				PRODUCT_NAME = "$(TARGET_NAME)";
				SWIFT_OBJC_BRIDGING_HEADER = "Tests/UnzipKitTests-Bridging-Header.h";
				SWIFT_OPTIMIZATION_LEVEL = "-Onone";
				SWIFT_VERSION = 3.0;
				WARNING_CFLAGS = (
					"$(inherited)",
					"-Wno-gnu-statement-expression",
					"-Wno-non-modular-include-in-framework-module",
					"-Wno-reserved-id-macro",
					"-Wno-nullable-to-nonnull-conversion",
					"-Wno-pointer-arith",
					"-Wno-cast-qual",
				);
			};
			name = Debug;
		};
		96EA65B91A40AEAE00685B6D /* Release */ = {
			isa = XCBuildConfiguration;
			buildSettings = {
				CLANG_ENABLE_MODULES = YES;
				COMBINE_HIDPI_IMAGES = YES;
				FRAMEWORK_SEARCH_PATHS = (
					"$(DEVELOPER_FRAMEWORKS_DIR)",
					"$(inherited)",
				);
				INFOPLIST_FILE = Tests/Info.plist;
				LD_RUNPATH_SEARCH_PATHS = "$(inherited) @executable_path/../Frameworks @loader_path/../Frameworks";
				PRODUCT_BUNDLE_IDENTIFIER = "com.abbey-code.$(PRODUCT_NAME:rfc1034identifier)";
				PRODUCT_NAME = "$(TARGET_NAME)";
				SWIFT_OBJC_BRIDGING_HEADER = "Tests/UnzipKitTests-Bridging-Header.h";
				SWIFT_VERSION = 3.0;
				WARNING_CFLAGS = (
					"$(inherited)",
					"-Wno-everything",
				);
			};
			name = Release;
		};
		96FFB3F91E1EC31000CCA47B /* Debug */ = {
			isa = XCBuildConfiguration;
			buildSettings = {
				DEBUG_INFORMATION_FORMAT = dwarf;
				DEFINES_MODULE = YES;
				DYLIB_COMPATIBILITY_VERSION = 1;
				DYLIB_CURRENT_VERSION = 1.8.5;
				DYLIB_INSTALL_NAME_BASE = "@rpath";
				INFOPLIST_FILE = Source/Info.plist;
				INSTALL_PATH = "$(LOCAL_LIBRARY_DIR)/Frameworks";
				LD_RUNPATH_SEARCH_PATHS = "$(inherited) @executable_path/../Frameworks @loader_path/Frameworks";
				PRODUCT_BUNDLE_IDENTIFIER = "com.abbey-code.UnzipKit";
				PRODUCT_NAME = UnzipKit;
				SDKROOT = iphoneos;
				SKIP_INSTALL = YES;
				TARGETED_DEVICE_FAMILY = "1,2";
			};
			name = Debug;
		};
		96FFB3FA1E1EC31000CCA47B /* Release */ = {
			isa = XCBuildConfiguration;
			buildSettings = {
				COPY_PHASE_STRIP = NO;
				DEFINES_MODULE = YES;
				DYLIB_COMPATIBILITY_VERSION = 1;
				DYLIB_CURRENT_VERSION = 1.8.5;
				DYLIB_INSTALL_NAME_BASE = "@rpath";
				INFOPLIST_FILE = Source/Info.plist;
				INSTALL_PATH = "$(LOCAL_LIBRARY_DIR)/Frameworks";
				LD_RUNPATH_SEARCH_PATHS = "$(inherited) @executable_path/../Frameworks @loader_path/Frameworks";
				PRODUCT_BUNDLE_IDENTIFIER = "com.abbey-code.UnzipKit";
				PRODUCT_NAME = UnzipKit;
				SDKROOT = iphoneos;
				SKIP_INSTALL = YES;
				TARGETED_DEVICE_FAMILY = "1,2";
				VALIDATE_PRODUCT = YES;
			};
			name = Release;
		};
/* End XCBuildConfiguration section */

/* Begin XCConfigurationList section */
		962F9DA11D5D281E00205BEC /* Build configuration list for PBXNativeTarget "UnzipKitResources" */ = {
			isa = XCConfigurationList;
			buildConfigurations = (
				962F9DA21D5D281E00205BEC /* Debug */,
				962F9DA31D5D281E00205BEC /* Release */,
			);
			defaultConfigurationIsVisible = 0;
			defaultConfigurationName = Release;
		};
		96B10B2C1C5FF337003A692C /* Build configuration list for PBXNativeTarget "UnzipKitTests-iOS" */ = {
			isa = XCConfigurationList;
			buildConfigurations = (
				96B10B2D1C5FF337003A692C /* Debug */,
				96B10B2E1C5FF337003A692C /* Release */,
			);
			defaultConfigurationIsVisible = 0;
			defaultConfigurationName = Release;
		};
		96EA65981A40AEAE00685B6D /* Build configuration list for PBXProject "UnzipKit" */ = {
			isa = XCConfigurationList;
			buildConfigurations = (
				96EA65B21A40AEAE00685B6D /* Debug */,
				96EA65B31A40AEAE00685B6D /* Release */,
			);
			defaultConfigurationIsVisible = 0;
			defaultConfigurationName = Release;
		};
		96EA65B41A40AEAE00685B6D /* Build configuration list for PBXNativeTarget "UnzipKit" */ = {
			isa = XCConfigurationList;
			buildConfigurations = (
				96EA65B51A40AEAE00685B6D /* Debug */,
				96EA65B61A40AEAE00685B6D /* Release */,
			);
			defaultConfigurationIsVisible = 0;
			defaultConfigurationName = Release;
		};
		96EA65B71A40AEAE00685B6D /* Build configuration list for PBXNativeTarget "UnzipKitTests" */ = {
			isa = XCConfigurationList;
			buildConfigurations = (
				96EA65B81A40AEAE00685B6D /* Debug */,
				96EA65B91A40AEAE00685B6D /* Release */,
			);
			defaultConfigurationIsVisible = 0;
			defaultConfigurationName = Release;
		};
		96FFB3FB1E1EC31000CCA47B /* Build configuration list for PBXNativeTarget "UnzipKit-iOS" */ = {
			isa = XCConfigurationList;
			buildConfigurations = (
				96FFB3F91E1EC31000CCA47B /* Debug */,
				96FFB3FA1E1EC31000CCA47B /* Release */,
			);
			defaultConfigurationIsVisible = 0;
			defaultConfigurationName = Release;
		};
/* End XCConfigurationList section */
	};
	rootObject = 96EA65951A40AEAE00685B6D /* Project object */;
}
