// !$*UTF8*$!
{
	archiveVersion = 1;
	classes = {
	};
	objectVersion = 46;
	objects = {

/* Begin PBXBuildFile section */
		969E2FE51AD573F100E19F7A /* AppDelegate.swift in Sources */ = {isa = PBXBuildFile; fileRef = 969E2FE41AD573F100E19F7A /* AppDelegate.swift */; };
		969E2FE71AD573F100E19F7A /* ViewController.swift in Sources */ = {isa = PBXBuildFile; fileRef = 969E2FE61AD573F100E19F7A /* ViewController.swift */; };
		969E2FEA1AD573F100E19F7A /* Main.storyboard in Resources */ = {isa = PBXBuildFile; fileRef = 969E2FE81AD573F100E19F7A /* Main.storyboard */; };
		969E2FEC1AD573F100E19F7A /* Images.xcassets in Resources */ = {isa = PBXBuildFile; fileRef = 969E2FEB1AD573F100E19F7A /* Images.xcassets */; };
		969E2FEF1AD573F100E19F7A /* LaunchScreen.xib in Resources */ = {isa = PBXBuildFile; fileRef = 969E2FED1AD573F100E19F7A /* LaunchScreen.xib */; };
		969E2FFB1AD573F100E19F7A /* UnzipKitDemoTests.swift in Sources */ = {isa = PBXBuildFile; fileRef = 969E2FFA1AD573F100E19F7A /* UnzipKitDemoTests.swift */; };
/* End PBXBuildFile section */

/* Begin PBXContainerItemProxy section */
		969E2FF51AD573F100E19F7A /* PBXContainerItemProxy */ = {
			isa = PBXContainerItemProxy;
			containerPortal = 969E2FD71AD573F100E19F7A /* Project object */;
			proxyType = 1;
			remoteGlobalIDString = 969E2FDE1AD573F100E19F7A;
			remoteInfo = UnzipKitDemo;
		};
/* End PBXContainerItemProxy section */

/* Begin PBXFileReference section */
		969E2FDF1AD573F100E19F7A /* UnzipKitDemo.app */ = {isa = PBXFileReference; explicitFileType = wrapper.application; includeInIndex = 0; path = UnzipKitDemo.app; sourceTree = BUILT_PRODUCTS_DIR; };
		969E2FE31AD573F100E19F7A /* Info.plist */ = {isa = PBXFileReference; lastKnownFileType = text.plist.xml; path = Info.plist; sourceTree = "<group>"; };
		969E2FE41AD573F100E19F7A /* AppDelegate.swift */ = {isa = PBXFileReference; lastKnownFileType = sourcecode.swift; path = AppDelegate.swift; sourceTree = "<group>"; };
		969E2FE61AD573F100E19F7A /* ViewController.swift */ = {isa = PBXFileReference; lastKnownFileType = sourcecode.swift; path = ViewController.swift; sourceTree = "<group>"; };
		969E2FE91AD573F100E19F7A /* Base */ = {isa = PBXFileReference; lastKnownFileType = file.storyboard; name = Base; path = Base.lproj/Main.storyboard; sourceTree = "<group>"; };
		969E2FEB1AD573F100E19F7A /* Images.xcassets */ = {isa = PBXFileReference; lastKnownFileType = folder.assetcatalog; path = Images.xcassets; sourceTree = "<group>"; };
		969E2FEE1AD573F100E19F7A /* Base */ = {isa = PBXFileReference; lastKnownFileType = file.xib; name = Base; path = Base.lproj/LaunchScreen.xib; sourceTree = "<group>"; };
		969E2FF41AD573F100E19F7A /* UnzipKitDemoTests.xctest */ = {isa = PBXFileReference; explicitFileType = wrapper.cfbundle; includeInIndex = 0; path = UnzipKitDemoTests.xctest; sourceTree = BUILT_PRODUCTS_DIR; };
		969E2FF91AD573F100E19F7A /* Info.plist */ = {isa = PBXFileReference; lastKnownFileType = text.plist.xml; path = Info.plist; sourceTree = "<group>"; };
		969E2FFA1AD573F100E19F7A /* UnzipKitDemoTests.swift */ = {isa = PBXFileReference; lastKnownFileType = sourcecode.swift; path = UnzipKitDemoTests.swift; sourceTree = "<group>"; };
/* End PBXFileReference section */

/* Begin PBXFrameworksBuildPhase section */
		969E2FDC1AD573F100E19F7A /* Frameworks */ = {
			isa = PBXFrameworksBuildPhase;
			buildActionMask = 2147483647;
			files = (
			);
			runOnlyForDeploymentPostprocessing = 0;
		};
		969E2FF11AD573F100E19F7A /* Frameworks */ = {
			isa = PBXFrameworksBuildPhase;
			buildActionMask = 2147483647;
			files = (
			);
			runOnlyForDeploymentPostprocessing = 0;
		};
/* End PBXFrameworksBuildPhase section */

/* Begin PBXGroup section */
		969E2FD61AD573F100E19F7A = {
			isa = PBXGroup;
			children = (
				969E2FE11AD573F100E19F7A /* UnzipKitDemo */,
				969E2FF71AD573F100E19F7A /* UnzipKitDemoTests */,
				969E2FE01AD573F100E19F7A /* Products */,
			);
			sourceTree = "<group>";
		};
		969E2FE01AD573F100E19F7A /* Products */ = {
			isa = PBXGroup;
			children = (
				969E2FDF1AD573F100E19F7A /* UnzipKitDemo.app */,
				969E2FF41AD573F100E19F7A /* UnzipKitDemoTests.xctest */,
			);
			name = Products;
			sourceTree = "<group>";
		};
		969E2FE11AD573F100E19F7A /* UnzipKitDemo */ = {
			isa = PBXGroup;
			children = (
				969E2FE41AD573F100E19F7A /* AppDelegate.swift */,
				969E2FE61AD573F100E19F7A /* ViewController.swift */,
				969E2FE81AD573F100E19F7A /* Main.storyboard */,
				969E2FEB1AD573F100E19F7A /* Images.xcassets */,
				969E2FED1AD573F100E19F7A /* LaunchScreen.xib */,
				969E2FE21AD573F100E19F7A /* Supporting Files */,
			);
			path = UnzipKitDemo;
			sourceTree = "<group>";
		};
		969E2FE21AD573F100E19F7A /* Supporting Files */ = {
			isa = PBXGroup;
			children = (
				969E2FE31AD573F100E19F7A /* Info.plist */,
			);
			name = "Supporting Files";
			sourceTree = "<group>";
		};
		969E2FF71AD573F100E19F7A /* UnzipKitDemoTests */ = {
			isa = PBXGroup;
			children = (
				969E2FFA1AD573F100E19F7A /* UnzipKitDemoTests.swift */,
				969E2FF81AD573F100E19F7A /* Supporting Files */,
			);
			path = UnzipKitDemoTests;
			sourceTree = "<group>";
		};
		969E2FF81AD573F100E19F7A /* Supporting Files */ = {
			isa = PBXGroup;
			children = (
				969E2FF91AD573F100E19F7A /* Info.plist */,
			);
			name = "Supporting Files";
			sourceTree = "<group>";
		};
/* End PBXGroup section */

/* Begin PBXNativeTarget section */
		969E2FDE1AD573F100E19F7A /* UnzipKitDemo */ = {
			isa = PBXNativeTarget;
			buildConfigurationList = 969E2FFE1AD573F100E19F7A /* Build configuration list for PBXNativeTarget "UnzipKitDemo" */;
			buildPhases = (
				969E2FDB1AD573F100E19F7A /* Sources */,
				969E2FDC1AD573F100E19F7A /* Frameworks */,
				969E2FDD1AD573F100E19F7A /* Resources */,
			);
			buildRules = (
			);
			dependencies = (
			);
			name = UnzipKitDemo;
			productName = UnzipKitDemo;
			productReference = 969E2FDF1AD573F100E19F7A /* UnzipKitDemo.app */;
			productType = "com.apple.product-type.application";
		};
		969E2FF31AD573F100E19F7A /* UnzipKitDemoTests */ = {
			isa = PBXNativeTarget;
			buildConfigurationList = 969E30011AD573F100E19F7A /* Build configuration list for PBXNativeTarget "UnzipKitDemoTests" */;
			buildPhases = (
				969E2FF01AD573F100E19F7A /* Sources */,
				969E2FF11AD573F100E19F7A /* Frameworks */,
				969E2FF21AD573F100E19F7A /* Resources */,
			);
			buildRules = (
			);
			dependencies = (
				969E2FF61AD573F100E19F7A /* PBXTargetDependency */,
			);
			name = UnzipKitDemoTests;
			productName = UnzipKitDemoTests;
			productReference = 969E2FF41AD573F100E19F7A /* UnzipKitDemoTests.xctest */;
			productType = "com.apple.product-type.bundle.unit-test";
		};
/* End PBXNativeTarget section */

/* Begin PBXProject section */
		969E2FD71AD573F100E19F7A /* Project object */ = {
			isa = PBXProject;
			attributes = {
				LastUpgradeCheck = 0630;
				ORGANIZATIONNAME = "Abbey Code";
				TargetAttributes = {
					969E2FDE1AD573F100E19F7A = {
						CreatedOnToolsVersion = 6.3;
					};
					969E2FF31AD573F100E19F7A = {
						CreatedOnToolsVersion = 6.3;
						TestTargetID = 969E2FDE1AD573F100E19F7A;
					};
				};
			};
			buildConfigurationList = 969E2FDA1AD573F100E19F7A /* Build configuration list for PBXProject "UnzipKitDemo" */;
			compatibilityVersion = "Xcode 3.2";
			developmentRegion = English;
			hasScannedForEncodings = 0;
			knownRegions = (
				en,
				Base,
			);
			mainGroup = 969E2FD61AD573F100E19F7A;
			productRefGroup = 969E2FE01AD573F100E19F7A /* Products */;
			projectDirPath = "";
			projectRoot = "";
			targets = (
				969E2FDE1AD573F100E19F7A /* UnzipKitDemo */,
				969E2FF31AD573F100E19F7A /* UnzipKitDemoTests */,
			);
		};
/* End PBXProject section */

/* Begin PBXResourcesBuildPhase section */
		969E2FDD1AD573F100E19F7A /* Resources */ = {
			isa = PBXResourcesBuildPhase;
			buildActionMask = 2147483647;
			files = (
				969E2FEA1AD573F100E19F7A /* Main.storyboard in Resources */,
				969E2FEF1AD573F100E19F7A /* LaunchScreen.xib in Resources */,
				969E2FEC1AD573F100E19F7A /* Images.xcassets in Resources */,
			);
			runOnlyForDeploymentPostprocessing = 0;
		};
		969E2FF21AD573F100E19F7A /* Resources */ = {
			isa = PBXResourcesBuildPhase;
			buildActionMask = 2147483647;
			files = (
			);
			runOnlyForDeploymentPostprocessing = 0;
		};
/* End PBXResourcesBuildPhase section */

/* Begin PBXSourcesBuildPhase section */
		969E2FDB1AD573F100E19F7A /* Sources */ = {
			isa = PBXSourcesBuildPhase;
			buildActionMask = 2147483647;
			files = (
				969E2FE71AD573F100E19F7A /* ViewController.swift in Sources */,
				969E2FE51AD573F100E19F7A /* AppDelegate.swift in Sources */,
			);
			runOnlyForDeploymentPostprocessing = 0;
		};
		969E2FF01AD573F100E19F7A /* Sources */ = {
			isa = PBXSourcesBuildPhase;
			buildActionMask = 2147483647;
			files = (
				969E2FFB1AD573F100E19F7A /* UnzipKitDemoTests.swift in Sources */,
			);
			runOnlyForDeploymentPostprocessing = 0;
		};
/* End PBXSourcesBuildPhase section */

/* Begin PBXTargetDependency section */
		969E2FF61AD573F100E19F7A /* PBXTargetDependency */ = {
			isa = PBXTargetDependency;
			target = 969E2FDE1AD573F100E19F7A /* UnzipKitDemo */;
			targetProxy = 969E2FF51AD573F100E19F7A /* PBXContainerItemProxy */;
		};
/* End PBXTargetDependency section */

/* Begin PBXVariantGroup section */
		969E2FE81AD573F100E19F7A /* Main.storyboard */ = {
			isa = PBXVariantGroup;
			children = (
				969E2FE91AD573F100E19F7A /* Base */,
			);
			name = Main.storyboard;
			sourceTree = "<group>";
		};
		969E2FED1AD573F100E19F7A /* LaunchScreen.xib */ = {
			isa = PBXVariantGroup;
			children = (
				969E2FEE1AD573F100E19F7A /* Base */,
			);
			name = LaunchScreen.xib;
			sourceTree = "<group>";
		};
/* End PBXVariantGroup section */

/* Begin XCBuildConfiguration section */
		969E2FFC1AD573F100E19F7A /* Debug */ = {
			isa = XCBuildConfiguration;
			buildSettings = {
				ALWAYS_SEARCH_USER_PATHS = NO;
				CLANG_CXX_LANGUAGE_STANDARD = "gnu++0x";
				CLANG_CXX_LIBRARY = "libc++";
				CLANG_ENABLE_MODULES = YES;
				CLANG_ENABLE_OBJC_ARC = YES;
				CLANG_WARN_BOOL_CONVERSION = YES;
				CLANG_WARN_CONSTANT_CONVERSION = YES;
				CLANG_WARN_DIRECT_OBJC_ISA_USAGE = YES_ERROR;
				CLANG_WARN_EMPTY_BODY = YES;
				CLANG_WARN_ENUM_CONVERSION = YES;
				CLANG_WARN_INT_CONVERSION = YES;
				CLANG_WARN_OBJC_ROOT_CLASS = YES_ERROR;
				CLANG_WARN_UNREACHABLE_CODE = YES;
				CLANG_WARN__DUPLICATE_METHOD_MATCH = YES;
				"CODE_SIGN_IDENTITY[sdk=iphoneos*]" = "iPhone Developer";
				COPY_PHASE_STRIP = NO;
				DEBUG_INFORMATION_FORMAT = "dwarf-with-dsym";
				ENABLE_STRICT_OBJC_MSGSEND = YES;
				GCC_C_LANGUAGE_STANDARD = gnu99;
				GCC_DYNAMIC_NO_PIC = NO;
				GCC_NO_COMMON_BLOCKS = YES;
				GCC_OPTIMIZATION_LEVEL = 0;
				GCC_PREPROCESSOR_DEFINITIONS = (
					"DEBUG=1",
					"$(inherited)",
				);
				GCC_SYMBOLS_PRIVATE_EXTERN = NO;
				GCC_WARN_64_TO_32_BIT_CONVERSION = YES;
				GCC_WARN_ABOUT_RETURN_TYPE = YES_ERROR;
				GCC_WARN_UNDECLARED_SELECTOR = YES;
				GCC_WARN_UNINITIALIZED_AUTOS = YES_AGGRESSIVE;
				GCC_WARN_UNUSED_FUNCTION = YES;
				GCC_WARN_UNUSED_VARIABLE = YES;
				IPHONEOS_DEPLOYMENT_TARGET = 8.3;
				MTL_ENABLE_DEBUG_INFO = YES;
				ONLY_ACTIVE_ARCH = YES;
				SDKROOT = iphoneos;
				SWIFT_OPTIMIZATION_LEVEL = "-Onone";
				TARGETED_DEVICE_FAMILY = "1,2";
			};
			name = Debug;
		};
		969E2FFD1AD573F100E19F7A /* Release */ = {
			isa = XCBuildConfiguration;
			buildSettings = {
				ALWAYS_SEARCH_USER_PATHS = NO;
				CLANG_CXX_LANGUAGE_STANDARD = "gnu++0x";
				CLANG_CXX_LIBRARY = "libc++";
				CLANG_ENABLE_MODULES = YES;
				CLANG_ENABLE_OBJC_ARC = YES;
				CLANG_WARN_BOOL_CONVERSION = YES;
				CLANG_WARN_CONSTANT_CONVERSION = YES;
				CLANG_WARN_DIRECT_OBJC_ISA_USAGE = YES_ERROR;
				CLANG_WARN_EMPTY_BODY = YES;
				CLANG_WARN_ENUM_CONVERSION = YES;
				CLANG_WARN_INT_CONVERSION = YES;
				CLANG_WARN_OBJC_ROOT_CLASS = YES_ERROR;
				CLANG_WARN_UNREACHABLE_CODE = YES;
				CLANG_WARN__DUPLICATE_METHOD_MATCH = YES;
				"CODE_SIGN_IDENTITY[sdk=iphoneos*]" = "iPhone Developer";
				COPY_PHASE_STRIP = NO;
				DEBUG_INFORMATION_FORMAT = "dwarf-with-dsym";
				ENABLE_NS_ASSERTIONS = NO;
				ENABLE_STRICT_OBJC_MSGSEND = YES;
				GCC_C_LANGUAGE_STANDARD = gnu99;
				GCC_NO_COMMON_BLOCKS = YES;
				GCC_WARN_64_TO_32_BIT_CONVERSION = YES;
				GCC_WARN_ABOUT_RETURN_TYPE = YES_ERROR;
				GCC_WARN_UNDECLARED_SELECTOR = YES;
				GCC_WARN_UNINITIALIZED_AUTOS = YES_AGGRESSIVE;
				GCC_WARN_UNUSED_FUNCTION = YES;
				GCC_WARN_UNUSED_VARIABLE = YES;
				IPHONEOS_DEPLOYMENT_TARGET = 8.3;
				MTL_ENABLE_DEBUG_INFO = NO;
				SDKROOT = iphoneos;
				TARGETED_DEVICE_FAMILY = "1,2";
				VALIDATE_PRODUCT = YES;
			};
			name = Release;
		};
		969E2FFF1AD573F100E19F7A /* Debug */ = {
			isa = XCBuildConfiguration;
			buildSettings = {
				ASSETCATALOG_COMPILER_APPICON_NAME = AppIcon;
				ASSETCATALOG_COMPILER_LAUNCHIMAGE_NAME = LaunchImage;
				INFOPLIST_FILE = UnzipKitDemo/Info.plist;
				IPHONEOS_DEPLOYMENT_TARGET = 7.0;
				LD_RUNPATH_SEARCH_PATHS = "$(inherited) @executable_path/Frameworks";
				PRODUCT_NAME = "$(TARGET_NAME)";
			};
			name = Debug;
		};
		969E30001AD573F100E19F7A /* Release */ = {
			isa = XCBuildConfiguration;
			buildSettings = {
				ASSETCATALOG_COMPILER_APPICON_NAME = AppIcon;
				ASSETCATALOG_COMPILER_LAUNCHIMAGE_NAME = LaunchImage;
				INFOPLIST_FILE = UnzipKitDemo/Info.plist;
				IPHONEOS_DEPLOYMENT_TARGET = 7.0;
				LD_RUNPATH_SEARCH_PATHS = "$(inherited) @executable_path/Frameworks";
				PRODUCT_NAME = "$(TARGET_NAME)";
			};
			name = Release;
		};
		969E30021AD573F100E19F7A /* Debug */ = {
			isa = XCBuildConfiguration;
			buildSettings = {
				BUNDLE_LOADER = "$(TEST_HOST)";
				FRAMEWORK_SEARCH_PATHS = (
					"$(SDKROOT)/Developer/Library/Frameworks",
					"$(inherited)",
				);
				GCC_PREPROCESSOR_DEFINITIONS = (
					"DEBUG=1",
					"$(inherited)",
				);
				INFOPLIST_FILE = UnzipKitDemoTests/Info.plist;
				LD_RUNPATH_SEARCH_PATHS = "$(inherited) @executable_path/Frameworks @loader_path/Frameworks";
				PRODUCT_NAME = "$(TARGET_NAME)";
				TEST_HOST = "$(BUILT_PRODUCTS_DIR)/UnzipKitDemo.app/UnzipKitDemo";
			};
			name = Debug;
		};
		969E30031AD573F100E19F7A /* Release */ = {
			isa = XCBuildConfiguration;
			buildSettings = {
				BUNDLE_LOADER = "$(TEST_HOST)";
				FRAMEWORK_SEARCH_PATHS = (
					"$(SDKROOT)/Developer/Library/Frameworks",
					"$(inherited)",
				);
				INFOPLIST_FILE = UnzipKitDemoTests/Info.plist;
				LD_RUNPATH_SEARCH_PATHS = "$(inherited) @executable_path/Frameworks @loader_path/Frameworks";
				PRODUCT_NAME = "$(TARGET_NAME)";
				TEST_HOST = "$(BUILT_PRODUCTS_DIR)/UnzipKitDemo.app/UnzipKitDemo";
			};
			name = Release;
		};
/* End XCBuildConfiguration section */

/* Begin XCConfigurationList section */
		969E2FDA1AD573F100E19F7A /* Build configuration list for PBXProject "UnzipKitDemo" */ = {
			isa = XCConfigurationList;
			buildConfigurations = (
				969E2FFC1AD573F100E19F7A /* Debug */,
				969E2FFD1AD573F100E19F7A /* Release */,
			);
			defaultConfigurationIsVisible = 0;
			defaultConfigurationName = Release;
		};
		969E2FFE1AD573F100E19F7A /* Build configuration list for PBXNativeTarget "UnzipKitDemo" */ = {
			isa = XCConfigurationList;
			buildConfigurations = (
				969E2FFF1AD573F100E19F7A /* Debug */,
				969E30001AD573F100E19F7A /* Release */,
			);
			defaultConfigurationIsVisible = 0;
		};
		969E30011AD573F100E19F7A /* Build configuration list for PBXNativeTarget "UnzipKitDemoTests" */ = {
			isa = XCConfigurationList;
			buildConfigurations = (
				969E30021AD573F100E19F7A /* Debug */,
				969E30031AD573F100E19F7A /* Release */,
			);
			defaultConfigurationIsVisible = 0;
		};
/* End XCConfigurationList section */
	};
	rootObject = 969E2FD71AD573F100E19F7A /* Project object */;
}
