// !$*UTF8*$!
{
	archiveVersion = 1;
	classes = {
	};
	objectVersion = 46;
	objects = {

/* Begin PBXBuildFile section */
		9693812B1D209CFA001B2ED8 /* libUnzipKit.a in Frameworks */ = {isa = PBXBuildFile; fileRef = 9693812A1D209CFA001B2ED8 /* libUnzipKit.a */; };
		969E2FE51AD573F100E19F7A /* AppDelegate.swift in Sources */ = {isa = PBXBuildFile; fileRef = 969E2FE41AD573F100E19F7A /* AppDelegate.swift */; };
		969E2FE71AD573F100E19F7A /* ViewController.swift in Sources */ = {isa = PBXBuildFile; fileRef = 969E2FE61AD573F100E19F7A /* ViewController.swift */; };
		969E2FEA1AD573F100E19F7A /* Main.storyboard in Resources */ = {isa = PBXBuildFile; fileRef = 969E2FE81AD573F100E19F7A /* Main.storyboard */; };
		969E2FEC1AD573F100E19F7A /* Images.xcassets in Resources */ = {isa = PBXBuildFile; fileRef = 969E2FEB1AD573F100E19F7A /* Images.xcassets */; };
		969E2FEF1AD573F100E19F7A /* LaunchScreen.xib in Resources */ = {isa = PBXBuildFile; fileRef = 969E2FED1AD573F100E19F7A /* LaunchScreen.xib */; };
		969E30091AD57BD000E19F7A /* Test Data in Resources */ = {isa = PBXBuildFile; fileRef = 969E30081AD57BD000E19F7A /* Test Data */; };
		D058D1B1EDCAA17D37F1EEC5 /* libPods-UnzipKitDemo.a in Frameworks */ = {isa = PBXBuildFile; fileRef = 836C8D3D2EBCC1B567DEBA7E /* libPods-UnzipKitDemo.a */; };
/* End PBXBuildFile section */

/* Begin PBXFileReference section */
		2F87D9A1D0DCA68C622CCE05 /* Pods-UnzipKitDemo.debug.xcconfig */ = {isa = PBXFileReference; includeInIndex = 1; lastKnownFileType = text.xcconfig; name = "Pods-UnzipKitDemo.debug.xcconfig"; path = "Pods/Target Support Files/Pods-UnzipKitDemo/Pods-UnzipKitDemo.debug.xcconfig"; sourceTree = "<group>"; };
		836C8D3D2EBCC1B567DEBA7E /* libPods-UnzipKitDemo.a */ = {isa = PBXFileReference; explicitFileType = archive.ar; includeInIndex = 0; path = "libPods-UnzipKitDemo.a"; sourceTree = BUILT_PRODUCTS_DIR; };
		969381281D209CF5001B2ED8 /* libPods-UnzipKitDemo.a */ = {isa = PBXFileReference; lastKnownFileType = archive.ar; name = "libPods-UnzipKitDemo.a"; path = "../../../Library/Developer/Xcode/DerivedData/UnzipKitDemo-hdmwkglyskhqhncppjlrcqmehjld/Build/Products/Debug-iphonesimulator/libPods-UnzipKitDemo.a"; sourceTree = "<group>"; };
		9693812A1D209CFA001B2ED8 /* libUnzipKit.a */ = {isa = PBXFileReference; lastKnownFileType = archive.ar; name = libUnzipKit.a; path = "../../../Library/Developer/Xcode/DerivedData/UnzipKitDemo-hdmwkglyskhqhncppjlrcqmehjld/Build/Products/Debug-iphonesimulator/UnzipKit/libUnzipKit.a"; sourceTree = "<group>"; };
		969E2FDF1AD573F100E19F7A /* UnzipKitDemo.app */ = {isa = PBXFileReference; explicitFileType = wrapper.application; includeInIndex = 0; path = UnzipKitDemo.app; sourceTree = BUILT_PRODUCTS_DIR; };
		969E2FE31AD573F100E19F7A /* Info.plist */ = {isa = PBXFileReference; lastKnownFileType = text.plist.xml; path = Info.plist; sourceTree = "<group>"; };
		969E2FE41AD573F100E19F7A /* AppDelegate.swift */ = {isa = PBXFileReference; lastKnownFileType = sourcecode.swift; path = AppDelegate.swift; sourceTree = "<group>"; };
		969E2FE61AD573F100E19F7A /* ViewController.swift */ = {isa = PBXFileReference; lastKnownFileType = sourcecode.swift; path = ViewController.swift; sourceTree = "<group>"; };
		969E2FE91AD573F100E19F7A /* Base */ = {isa = PBXFileReference; lastKnownFileType = file.storyboard; name = Base; path = Base.lproj/Main.storyboard; sourceTree = "<group>"; };
		969E2FEB1AD573F100E19F7A /* Images.xcassets */ = {isa = PBXFileReference; lastKnownFileType = folder.assetcatalog; path = Images.xcassets; sourceTree = "<group>"; };
		969E2FEE1AD573F100E19F7A /* Base */ = {isa = PBXFileReference; lastKnownFileType = file.xib; name = Base; path = Base.lproj/LaunchScreen.xib; sourceTree = "<group>"; };
		969E30041AD5798D00E19F7A /* UnzipKitDemo-Bridging-Header.h */ = {isa = PBXFileReference; lastKnownFileType = sourcecode.c.h; path = "UnzipKitDemo-Bridging-Header.h"; sourceTree = SOURCE_ROOT; };
		969E30081AD57BD000E19F7A /* Test Data */ = {isa = PBXFileReference; lastKnownFileType = folder; name = "Test Data"; path = "../../Tests/Test Data"; sourceTree = "<group>"; };
		D07031CAE5D79F16E6A159A8 /* Pods-UnzipKitDemo.release.xcconfig */ = {isa = PBXFileReference; includeInIndex = 1; lastKnownFileType = text.xcconfig; name = "Pods-UnzipKitDemo.release.xcconfig"; path = "Pods/Target Support Files/Pods-UnzipKitDemo/Pods-UnzipKitDemo.release.xcconfig"; sourceTree = "<group>"; };
/* End PBXFileReference section */

/* Begin PBXFrameworksBuildPhase section */
		969E2FDC1AD573F100E19F7A /* Frameworks */ = {
			isa = PBXFrameworksBuildPhase;
			buildActionMask = 2147483647;
			files = (
				9693812B1D209CFA001B2ED8 /* libUnzipKit.a in Frameworks */,
				D058D1B1EDCAA17D37F1EEC5 /* libPods-UnzipKitDemo.a in Frameworks */,
			);
			runOnlyForDeploymentPostprocessing = 0;
		};
/* End PBXFrameworksBuildPhase section */

/* Begin PBXGroup section */
		11FBF2BE09A55AC8F2F375BC /* Pods */ = {
			isa = PBXGroup;
			children = (
				2F87D9A1D0DCA68C622CCE05 /* Pods-UnzipKitDemo.debug.xcconfig */,
				D07031CAE5D79F16E6A159A8 /* Pods-UnzipKitDemo.release.xcconfig */,
			);
			name = Pods;
			sourceTree = "<group>";
		};
		969E2FD61AD573F100E19F7A = {
			isa = PBXGroup;
			children = (
				969E2FE11AD573F100E19F7A /* UnzipKitDemo */,
				969E2FE01AD573F100E19F7A /* Products */,
				BCCBCB74C65B47019CC35EFC /* Frameworks */,
				11FBF2BE09A55AC8F2F375BC /* Pods */,
			);
			sourceTree = "<group>";
		};
		969E2FE01AD573F100E19F7A /* Products */ = {
			isa = PBXGroup;
			children = (
				969E2FDF1AD573F100E19F7A /* UnzipKitDemo.app */,
			);
			name = Products;
			sourceTree = "<group>";
		};
		969E2FE11AD573F100E19F7A /* UnzipKitDemo */ = {
			isa = PBXGroup;
			children = (
				969E2FE41AD573F100E19F7A /* AppDelegate.swift */,
				969E2FE61AD573F100E19F7A /* ViewController.swift */,
				969E2FE81AD573F100E19F7A /* Main.storyboard */,
				969E2FEB1AD573F100E19F7A /* Images.xcassets */,
				969E2FED1AD573F100E19F7A /* LaunchScreen.xib */,
				969E2FE21AD573F100E19F7A /* Supporting Files */,
			);
			path = UnzipKitDemo;
			sourceTree = "<group>";
		};
		969E2FE21AD573F100E19F7A /* Supporting Files */ = {
			isa = PBXGroup;
			children = (
				969E2FE31AD573F100E19F7A /* Info.plist */,
				969E30081AD57BD000E19F7A /* Test Data */,
				969E30041AD5798D00E19F7A /* UnzipKitDemo-Bridging-Header.h */,
			);
			name = "Supporting Files";
			sourceTree = "<group>";
		};
		BCCBCB74C65B47019CC35EFC /* Frameworks */ = {
			isa = PBXGroup;
			children = (
				9693812A1D209CFA001B2ED8 /* libUnzipKit.a */,
				969381281D209CF5001B2ED8 /* libPods-UnzipKitDemo.a */,
				836C8D3D2EBCC1B567DEBA7E /* libPods-UnzipKitDemo.a */,
			);
			name = Frameworks;
			sourceTree = "<group>";
		};
/* End PBXGroup section */

/* Begin PBXNativeTarget section */
		969E2FDE1AD573F100E19F7A /* UnzipKitDemo */ = {
			isa = PBXNativeTarget;
			buildConfigurationList = 969E2FFE1AD573F100E19F7A /* Build configuration list for PBXNativeTarget "UnzipKitDemo" */;
			buildPhases = (
				B139D6CA2A478F810C88A74D /* [CP] Check Pods Manifest.lock */,
				969E2FDB1AD573F100E19F7A /* Sources */,
				969E2FDC1AD573F100E19F7A /* Frameworks */,
				969E2FDD1AD573F100E19F7A /* Resources */,
				FFBBDB5F70B02F25F7B1C9FA /* [CP] Copy Pods Resources */,
			);
			buildRules = (
			);
			dependencies = (
			);
			name = UnzipKitDemo;
			productName = UnzipKitDemo;
			productReference = 969E2FDF1AD573F100E19F7A /* UnzipKitDemo.app */;
			productType = "com.apple.product-type.application";
		};
/* End PBXNativeTarget section */

/* Begin PBXProject section */
		969E2FD71AD573F100E19F7A /* Project object */ = {
			isa = PBXProject;
			attributes = {
				LastSwiftUpdateCheck = 0700;
				LastUpgradeCheck = 0930;
				ORGANIZATIONNAME = "Abbey Code";
				TargetAttributes = {
					969E2FDE1AD573F100E19F7A = {
						CreatedOnToolsVersion = 6.3;
						LastSwiftMigration = 0820;
					};
				};
			};
			buildConfigurationList = 969E2FDA1AD573F100E19F7A /* Build configuration list for PBXProject "UnzipKitDemo" */;
			compatibilityVersion = "Xcode 3.2";
			developmentRegion = English;
			hasScannedForEncodings = 0;
			knownRegions = (
				en,
				Base,
			);
			mainGroup = 969E2FD61AD573F100E19F7A;
			productRefGroup = 969E2FE01AD573F100E19F7A /* Products */;
			projectDirPath = "";
			projectRoot = "";
			targets = (
				969E2FDE1AD573F100E19F7A /* UnzipKitDemo */,
			);
		};
/* End PBXProject section */

/* Begin PBXResourcesBuildPhase section */
		969E2FDD1AD573F100E19F7A /* Resources */ = {
			isa = PBXResourcesBuildPhase;
			buildActionMask = 2147483647;
			files = (
				969E2FEA1AD573F100E19F7A /* Main.storyboard in Resources */,
				969E2FEF1AD573F100E19F7A /* LaunchScreen.xib in Resources */,
				969E2FEC1AD573F100E19F7A /* Images.xcassets in Resources */,
				969E30091AD57BD000E19F7A /* Test Data in Resources */,
			);
			runOnlyForDeploymentPostprocessing = 0;
		};
/* End PBXResourcesBuildPhase section */

/* Begin PBXShellScriptBuildPhase section */
		B139D6CA2A478F810C88A74D /* [CP] Check Pods Manifest.lock */ = {
			isa = PBXShellScriptBuildPhase;
			buildActionMask = 2147483647;
			files = (
			);
			inputPaths = (
				"${PODS_PODFILE_DIR_PATH}/Podfile.lock",
				"${PODS_ROOT}/Manifest.lock",
			);
			name = "[CP] Check Pods Manifest.lock";
			outputPaths = (
				"$(DERIVED_FILE_DIR)/Pods-UnzipKitDemo-checkManifestLockResult.txt",
			);
			runOnlyForDeploymentPostprocessing = 0;
			shellPath = /bin/sh;
			shellScript = "diff \"${PODS_PODFILE_DIR_PATH}/Podfile.lock\" \"${PODS_ROOT}/Manifest.lock\" > /dev/null\nif [ $? != 0 ] ; then\n    # print error to STDERR\n    echo \"error: The sandbox is not in sync with the Podfile.lock. Run 'pod install' or update your CocoaPods installation.\" >&2\n    exit 1\nfi\n# This output is used by Xcode 'outputs' to avoid re-running this script phase.\necho \"SUCCESS\" > \"${SCRIPT_OUTPUT_FILE_0}\"\n";
			showEnvVarsInLog = 0;
		};
		FFBBDB5F70B02F25F7B1C9FA /* [CP] Copy Pods Resources */ = {
			isa = PBXShellScriptBuildPhase;
			buildActionMask = 2147483647;
			files = (
			);
			inputPaths = (
				"${SRCROOT}/Pods/Target Support Files/Pods-UnzipKitDemo/Pods-UnzipKitDemo-resources.sh",
				"${PODS_CONFIGURATION_BUILD_DIR}/UnzipKit/UnzipKitResources.bundle",
			);
			name = "[CP] Copy Pods Resources";
			outputPaths = (
				"${TARGET_BUILD_DIR}/${UNLOCALIZED_RESOURCES_FOLDER_PATH}/UnzipKitResources.bundle",
			);
			runOnlyForDeploymentPostprocessing = 0;
			shellPath = /bin/sh;
			shellScript = "\"${SRCROOT}/Pods/Target Support Files/Pods-UnzipKitDemo/Pods-UnzipKitDemo-resources.sh\"\n";
			showEnvVarsInLog = 0;
		};
/* End PBXShellScriptBuildPhase section */

/* Begin PBXSourcesBuildPhase section */
		969E2FDB1AD573F100E19F7A /* Sources */ = {
			isa = PBXSourcesBuildPhase;
			buildActionMask = 2147483647;
			files = (
				969E2FE71AD573F100E19F7A /* ViewController.swift in Sources */,
				969E2FE51AD573F100E19F7A /* AppDelegate.swift in Sources */,
			);
			runOnlyForDeploymentPostprocessing = 0;
		};
/* End PBXSourcesBuildPhase section */

/* Begin PBXVariantGroup section */
		969E2FE81AD573F100E19F7A /* Main.storyboard */ = {
			isa = PBXVariantGroup;
			children = (
				969E2FE91AD573F100E19F7A /* Base */,
			);
			name = Main.storyboard;
			sourceTree = "<group>";
		};
		969E2FED1AD573F100E19F7A /* LaunchScreen.xib */ = {
			isa = PBXVariantGroup;
			children = (
				969E2FEE1AD573F100E19F7A /* Base */,
			);
			name = LaunchScreen.xib;
			sourceTree = "<group>";
		};
/* End PBXVariantGroup section */

/* Begin XCBuildConfiguration section */
		969E2FFC1AD573F100E19F7A /* Debug */ = {
			isa = XCBuildConfiguration;
			buildSettings = {
				ALWAYS_SEARCH_USER_PATHS = NO;
				CLANG_CXX_LANGUAGE_STANDARD = "gnu++0x";
				CLANG_CXX_LIBRARY = "libc++";
				CLANG_ENABLE_MODULES = YES;
				CLANG_ENABLE_OBJC_ARC = YES;
				CLANG_WARN_BLOCK_CAPTURE_AUTORELEASING = YES;
				CLANG_WARN_BOOL_CONVERSION = YES;
				CLANG_WARN_COMMA = YES;
				CLANG_WARN_CONSTANT_CONVERSION = YES;
				CLANG_WARN_DEPRECATED_OBJC_IMPLEMENTATIONS = YES;
				CLANG_WARN_DIRECT_OBJC_ISA_USAGE = YES_ERROR;
				CLANG_WARN_EMPTY_BODY = YES;
				CLANG_WARN_ENUM_CONVERSION = YES;
				CLANG_WARN_INFINITE_RECURSION = YES;
				CLANG_WARN_INT_CONVERSION = YES;
				CLANG_WARN_NON_LITERAL_NULL_CONVERSION = YES;
				CLANG_WARN_OBJC_IMPLICIT_RETAIN_SELF = YES;
				CLANG_WARN_OBJC_LITERAL_CONVERSION = YES;
				CLANG_WARN_OBJC_ROOT_CLASS = YES_ERROR;
				CLANG_WARN_RANGE_LOOP_ANALYSIS = YES;
				CLANG_WARN_STRICT_PROTOTYPES = YES;
				CLANG_WARN_SUSPICIOUS_MOVE = YES;
				CLANG_WARN_UNREACHABLE_CODE = YES;
				CLANG_WARN__DUPLICATE_METHOD_MATCH = YES;
				"CODE_SIGN_IDENTITY[sdk=iphoneos*]" = "iPhone Developer";
				COPY_PHASE_STRIP = NO;
				DEBUG_INFORMATION_FORMAT = "dwarf-with-dsym";
				ENABLE_STRICT_OBJC_MSGSEND = YES;
				ENABLE_TESTABILITY = YES;
				GCC_C_LANGUAGE_STANDARD = gnu99;
				GCC_DYNAMIC_NO_PIC = NO;
				GCC_NO_COMMON_BLOCKS = YES;
				GCC_OPTIMIZATION_LEVEL = 0;
				GCC_PREPROCESSOR_DEFINITIONS = (
					"DEBUG=1",
					"$(inherited)",
				);
				GCC_SYMBOLS_PRIVATE_EXTERN = NO;
				GCC_WARN_64_TO_32_BIT_CONVERSION = YES;
				GCC_WARN_ABOUT_RETURN_TYPE = YES_ERROR;
				GCC_WARN_UNDECLARED_SELECTOR = YES;
				GCC_WARN_UNINITIALIZED_AUTOS = YES_AGGRESSIVE;
				GCC_WARN_UNUSED_FUNCTION = YES;
				GCC_WARN_UNUSED_VARIABLE = YES;
				IPHONEOS_DEPLOYMENT_TARGET = 9.0;
				MTL_ENABLE_DEBUG_INFO = YES;
				ONLY_ACTIVE_ARCH = YES;
				SDKROOT = iphoneos;
				SWIFT_OPTIMIZATION_LEVEL = "-Onone";
				SWIFT_VERSION = 3.0;
				TARGETED_DEVICE_FAMILY = "1,2";
			};
			name = Debug;
		};
		969E2FFD1AD573F100E19F7A /* Release */ = {
			isa = XCBuildConfiguration;
			buildSettings = {
				ALWAYS_SEARCH_USER_PATHS = NO;
				CLANG_CXX_LANGUAGE_STANDARD = "gnu++0x";
				CLANG_CXX_LIBRARY = "libc++";
				CLANG_ENABLE_MODULES = YES;
				CLANG_ENABLE_OBJC_ARC = YES;
				CLANG_WARN_BLOCK_CAPTURE_AUTORELEASING = YES;
				CLANG_WARN_BOOL_CONVERSION = YES;
				CLANG_WARN_COMMA = YES;
				CLANG_WARN_CONSTANT_CONVERSION = YES;
				CLANG_WARN_DEPRECATED_OBJC_IMPLEMENTATIONS = YES;
				CLANG_WARN_DIRECT_OBJC_ISA_USAGE = YES_ERROR;
				CLANG_WARN_EMPTY_BODY = YES;
				CLANG_WARN_ENUM_CONVERSION = YES;
				CLANG_WARN_INFINITE_RECURSION = YES;
				CLANG_WARN_INT_CONVERSION = YES;
				CLANG_WARN_NON_LITERAL_NULL_CONVERSION = YES;
				CLANG_WARN_OBJC_IMPLICIT_RETAIN_SELF = YES;
				CLANG_WARN_OBJC_LITERAL_CONVERSION = YES;
				CLANG_WARN_OBJC_ROOT_CLASS = YES_ERROR;
				CLANG_WARN_RANGE_LOOP_ANALYSIS = YES;
				CLANG_WARN_STRICT_PROTOTYPES = YES;
				CLANG_WARN_SUSPICIOUS_MOVE = YES;
				CLANG_WARN_UNREACHABLE_CODE = YES;
				CLANG_WARN__DUPLICATE_METHOD_MATCH = YES;
				"CODE_SIGN_IDENTITY[sdk=iphoneos*]" = "iPhone Developer";
				COPY_PHASE_STRIP = NO;
				DEBUG_INFORMATION_FORMAT = "dwarf-with-dsym";
				ENABLE_NS_ASSERTIONS = NO;
				ENABLE_STRICT_OBJC_MSGSEND = YES;
				GCC_C_LANGUAGE_STANDARD = gnu99;
				GCC_NO_COMMON_BLOCKS = YES;
				GCC_WARN_64_TO_32_BIT_CONVERSION = YES;
				GCC_WARN_ABOUT_RETURN_TYPE = YES_ERROR;
				GCC_WARN_UNDECLARED_SELECTOR = YES;
				GCC_WARN_UNINITIALIZED_AUTOS = YES_AGGRESSIVE;
				GCC_WARN_UNUSED_FUNCTION = YES;
				GCC_WARN_UNUSED_VARIABLE = YES;
				IPHONEOS_DEPLOYMENT_TARGET = 9.0;
				MTL_ENABLE_DEBUG_INFO = NO;
				SDKROOT = iphoneos;
				SWIFT_COMPILATION_MODE = wholemodule;
				SWIFT_VERSION = 3.0;
				TARGETED_DEVICE_FAMILY = "1,2";
				VALIDATE_PRODUCT = YES;
			};
			name = Release;
		};
		969E2FFF1AD573F100E19F7A /* Debug */ = {
			isa = XCBuildConfiguration;
			baseConfigurationReference = 2F87D9A1D0DCA68C622CCE05 /* Pods-UnzipKitDemo.debug.xcconfig */;
			buildSettings = {
				ASSETCATALOG_COMPILER_APPICON_NAME = AppIcon;
				ASSETCATALOG_COMPILER_LAUNCHIMAGE_NAME = LaunchImage;
				CLANG_ENABLE_MODULES = YES;
				INFOPLIST_FILE = UnzipKitDemo/Info.plist;
				LD_RUNPATH_SEARCH_PATHS = "$(inherited) @executable_path/Frameworks";
				PRODUCT_BUNDLE_IDENTIFIER = "com.abbey-code.$(PRODUCT_NAME:rfc1034identifier)";
				PRODUCT_NAME = "$(TARGET_NAME)";
				SWIFT_OBJC_BRIDGING_HEADER = "UnzipKitDemo-Bridging-Header.h";
				SWIFT_OPTIMIZATION_LEVEL = "-Onone";
				SWIFT_VERSION = 3.0;
			};
			name = Debug;
		};
		969E30001AD573F100E19F7A /* Release */ = {
			isa = XCBuildConfiguration;
			baseConfigurationReference = D07031CAE5D79F16E6A159A8 /* Pods-UnzipKitDemo.release.xcconfig */;
			buildSettings = {
				ASSETCATALOG_COMPILER_APPICON_NAME = AppIcon;
				ASSETCATALOG_COMPILER_LAUNCHIMAGE_NAME = LaunchImage;
				CLANG_ENABLE_MODULES = YES;
				INFOPLIST_FILE = UnzipKitDemo/Info.plist;
				LD_RUNPATH_SEARCH_PATHS = "$(inherited) @executable_path/Frameworks";
				PRODUCT_BUNDLE_IDENTIFIER = "com.abbey-code.$(PRODUCT_NAME:rfc1034identifier)";
				PRODUCT_NAME = "$(TARGET_NAME)";
				SWIFT_OBJC_BRIDGING_HEADER = "UnzipKitDemo-Bridging-Header.h";
				SWIFT_VERSION = 3.0;
			};
			name = Release;
		};
/* End XCBuildConfiguration section */

/* Begin XCConfigurationList section */
		969E2FDA1AD573F100E19F7A /* Build configuration list for PBXProject "UnzipKitDemo" */ = {
			isa = XCConfigurationList;
			buildConfigurations = (
				969E2FFC1AD573F100E19F7A /* Debug */,
				969E2FFD1AD573F100E19F7A /* Release */,
			);
			defaultConfigurationIsVisible = 0;
			defaultConfigurationName = Release;
		};
		969E2FFE1AD573F100E19F7A /* Build configuration list for PBXNativeTarget "UnzipKitDemo" */ = {
			isa = XCConfigurationList;
			buildConfigurations = (
				969E2FFF1AD573F100E19F7A /* Debug */,
				969E30001AD573F100E19F7A /* Release */,
			);
			defaultConfigurationIsVisible = 0;
			defaultConfigurationName = Release;
		};
/* End XCConfigurationList section */
	};
	rootObject = 969E2FD71AD573F100E19F7A /* Project object */;
}
